// !$*UTF8*$!
{
	archiveVersion = 1;
	classes = {
	};
	objectVersion = 54;
	objects = {

/* Begin PBXBuildFile section */
		B6376BC22A1C4120007AD9D9 /* Constants.swift in Sources */ = {isa = PBXBuildFile; fileRef = B6376BC12A1C4120007AD9D9 /* Constants.swift */; };
		E8264D682A25B32D00660507 /* RTSViewer.swift in Sources */ = {isa = PBXBuildFile; fileRef = 3FE90C1B26B2AF4200B206A3 /* RTSViewer.swift */; };
		E83CD9F92A10878C008690FD /* StreamDetailInputScreen.swift in Sources */ = {isa = PBXBuildFile; fileRef = E83CD9DF2A10878C008690FD /* StreamDetailInputScreen.swift */; };
		E83CD9FA2A10878C008690FD /* Assets.xcassets in Resources */ = {isa = PBXBuildFile; fileRef = E83CD9E02A10878C008690FD /* Assets.xcassets */; };
		E83CD9FB2A10878C008690FD /* LandingViewModel.swift in Sources */ = {isa = PBXBuildFile; fileRef = E83CD9E32A10878C008690FD /* LandingViewModel.swift */; };
		E83CD9FC2A10878C008690FD /* LandingView.swift in Sources */ = {isa = PBXBuildFile; fileRef = E83CD9E42A10878C008690FD /* LandingView.swift */; };
		E83CD9FD2A10878C008690FD /* Localizable.strings in Resources */ = {isa = PBXBuildFile; fileRef = E83CD9E52A10878C008690FD /* Localizable.strings */; };
		E83CD9FE2A10878C008690FD /* SplashScreen.swift in Sources */ = {isa = PBXBuildFile; fileRef = E83CD9E72A10878C008690FD /* SplashScreen.swift */; };
		E83CD9FF2A10878C008690FD /* Launch Screen.storyboard in Resources */ = {isa = PBXBuildFile; fileRef = E83CD9E82A10878C008690FD /* Launch Screen.storyboard */; };
		E83CDA072A10878C008690FD /* ContentView.swift in Sources */ = {isa = PBXBuildFile; fileRef = E83CD9F12A10878C008690FD /* ContentView.swift */; };
		E83CDA092A10878C008690FD /* RecentStreamsViewModel.swift in Sources */ = {isa = PBXBuildFile; fileRef = E83CD9F52A10878C008690FD /* RecentStreamsViewModel.swift */; };
		E83CDA0A2A10878C008690FD /* RecentStreamCell.swift in Sources */ = {isa = PBXBuildFile; fileRef = E83CD9F62A10878C008690FD /* RecentStreamCell.swift */; };
		E83CDA0B2A10878C008690FD /* RecentStreamsScreen.swift in Sources */ = {isa = PBXBuildFile; fileRef = E83CD9F72A10878C008690FD /* RecentStreamsScreen.swift */; };
		E83CDA0C2A10878C008690FD /* SavedStreamsScreen.swift in Sources */ = {isa = PBXBuildFile; fileRef = E83CD9F82A10878C008690FD /* SavedStreamsScreen.swift */; };
		E87FD0C72AD8DE4600E9164A /* ImageAsset.swift in Sources */ = {isa = PBXBuildFile; fileRef = E87FD0C62AD8DE4600E9164A /* ImageAsset.swift */; };
		E87FD19E2AD8E77B00E9164A /* FooterView.swift in Sources */ = {isa = PBXBuildFile; fileRef = E87FD1872AD8E1EF00E9164A /* FooterView.swift */; };
		E87FD1BF2AD90F6C00E9164A /* AppConfigurationScreen.swift in Sources */ = {isa = PBXBuildFile; fileRef = E87FD1BE2AD90F6C00E9164A /* AppConfigurationScreen.swift */; };
		E87FD1C52ADCFEB700E9164A /* SavedStreamDetail.swift in Sources */ = {isa = PBXBuildFile; fileRef = E87FD1892AD8E1EF00E9164A /* SavedStreamDetail.swift */; };
		E87FD1C62ADCFEC400E9164A /* StreamDataManager.swift in Sources */ = {isa = PBXBuildFile; fileRef = E87FD1802AD8E1EF00E9164A /* StreamDataManager.swift */; };
		E87FD1C72ADCFEC700E9164A /* CoreDataManager.swift in Sources */ = {isa = PBXBuildFile; fileRef = E87FD17D2AD8E1EF00E9164A /* CoreDataManager.swift */; };
		E87FD1C82ADCFECC00E9164A /* RTSViewer.xcdatamodeld in Sources */ = {isa = PBXBuildFile; fileRef = E87FD17E2AD8E1EF00E9164A /* RTSViewer.xcdatamodeld */; };
		E87FD1C92ADCFED400E9164A /* DateProvider.swift in Sources */ = {isa = PBXBuildFile; fileRef = E87FD1822AD8E1EF00E9164A /* DateProvider.swift */; };
		E87FD1CA2ADCFED700E9164A /* NetworkMonitor.swift in Sources */ = {isa = PBXBuildFile; fileRef = E87FD1832AD8E1EF00E9164A /* NetworkMonitor.swift */; };
		E87FD1CB2ADCFEDA00E9164A /* Task+Delayed.swift in Sources */ = {isa = PBXBuildFile; fileRef = E87FD1842AD8E1EF00E9164A /* Task+Delayed.swift */; };
		E8B4B14A2ADD0117003DDA44 /* DolbyIORTSUIKit in Frameworks */ = {isa = PBXBuildFile; productRef = E8B4B1492ADD0117003DDA44 /* DolbyIORTSUIKit */; };
		E8B4B14C2ADD03DF003DDA44 /* URL+LogPath.swift in Sources */ = {isa = PBXBuildFile; fileRef = E8B4B14B2ADD03DF003DDA44 /* URL+LogPath.swift */; };
		E8E1855F2A1099F900BF4726 /* StreamDetailInputViewModel.swift in Sources */ = {isa = PBXBuildFile; fileRef = E8E1855E2A1099F900BF4726 /* StreamDetailInputViewModel.swift */; };
/* End PBXBuildFile section */

/* Begin PBXCopyFilesBuildPhase section */
		E8816E2D2A1086E400064B1D /* Embed Frameworks */ = {
			isa = PBXCopyFilesBuildPhase;
			buildActionMask = 2147483647;
			dstPath = "";
			dstSubfolderSpec = 10;
			files = (
			);
			name = "Embed Frameworks";
			runOnlyForDeploymentPostprocessing = 0;
		};
/* End PBXCopyFilesBuildPhase section */

/* Begin PBXFileReference section */
		3FE90C1B26B2AF4200B206A3 /* RTSViewer.swift */ = {isa = PBXFileReference; lastKnownFileType = sourcecode.swift; path = RTSViewer.swift; sourceTree = "<group>"; };
		B6376BC12A1C4120007AD9D9 /* Constants.swift */ = {isa = PBXFileReference; lastKnownFileType = sourcecode.swift; path = Constants.swift; sourceTree = "<group>"; };
		E8067F482A329F680083E94B /* InteractiveVieweriOSFirebaseReleaseSettings.xcconfig */ = {isa = PBXFileReference; lastKnownFileType = text.xcconfig; path = InteractiveVieweriOSFirebaseReleaseSettings.xcconfig; sourceTree = "<group>"; };
		E83CD9DF2A10878C008690FD /* StreamDetailInputScreen.swift */ = {isa = PBXFileReference; fileEncoding = 4; lastKnownFileType = sourcecode.swift; path = StreamDetailInputScreen.swift; sourceTree = "<group>"; };
		E83CD9E02A10878C008690FD /* Assets.xcassets */ = {isa = PBXFileReference; lastKnownFileType = folder.assetcatalog; path = Assets.xcassets; sourceTree = "<group>"; };
		E83CD9E32A10878C008690FD /* LandingViewModel.swift */ = {isa = PBXFileReference; fileEncoding = 4; lastKnownFileType = sourcecode.swift; path = LandingViewModel.swift; sourceTree = "<group>"; };
		E83CD9E42A10878C008690FD /* LandingView.swift */ = {isa = PBXFileReference; fileEncoding = 4; lastKnownFileType = sourcecode.swift; path = LandingView.swift; sourceTree = "<group>"; };
		E83CD9E52A10878C008690FD /* Localizable.strings */ = {isa = PBXFileReference; fileEncoding = 4; lastKnownFileType = text.plist.strings; path = Localizable.strings; sourceTree = "<group>"; };
		E83CD9E72A10878C008690FD /* SplashScreen.swift */ = {isa = PBXFileReference; fileEncoding = 4; lastKnownFileType = sourcecode.swift; path = SplashScreen.swift; sourceTree = "<group>"; };
		E83CD9E82A10878C008690FD /* Launch Screen.storyboard */ = {isa = PBXFileReference; fileEncoding = 4; lastKnownFileType = file.storyboard; path = "Launch Screen.storyboard"; sourceTree = "<group>"; };
		E83CD9F12A10878C008690FD /* ContentView.swift */ = {isa = PBXFileReference; fileEncoding = 4; lastKnownFileType = sourcecode.swift; path = ContentView.swift; sourceTree = "<group>"; };
		E83CD9F22A10878C008690FD /* Info.plist */ = {isa = PBXFileReference; fileEncoding = 4; lastKnownFileType = text.plist.xml; path = Info.plist; sourceTree = "<group>"; };
		E83CD9F52A10878C008690FD /* RecentStreamsViewModel.swift */ = {isa = PBXFileReference; fileEncoding = 4; lastKnownFileType = sourcecode.swift; path = RecentStreamsViewModel.swift; sourceTree = "<group>"; };
		E83CD9F62A10878C008690FD /* RecentStreamCell.swift */ = {isa = PBXFileReference; fileEncoding = 4; lastKnownFileType = sourcecode.swift; path = RecentStreamCell.swift; sourceTree = "<group>"; };
		E83CD9F72A10878C008690FD /* RecentStreamsScreen.swift */ = {isa = PBXFileReference; fileEncoding = 4; lastKnownFileType = sourcecode.swift; path = RecentStreamsScreen.swift; sourceTree = "<group>"; };
		E83CD9F82A10878C008690FD /* SavedStreamsScreen.swift */ = {isa = PBXFileReference; fileEncoding = 4; lastKnownFileType = sourcecode.swift; path = SavedStreamsScreen.swift; sourceTree = "<group>"; };
		E8649BF2295299FB00309BF7 /* fastlane */ = {isa = PBXFileReference; lastKnownFileType = folder; path = fastlane; sourceTree = "<group>"; };
		E87FD0C62AD8DE4600E9164A /* ImageAsset.swift */ = {isa = PBXFileReference; fileEncoding = 4; lastKnownFileType = sourcecode.swift; path = ImageAsset.swift; sourceTree = "<group>"; };
		E87FD17D2AD8E1EF00E9164A /* CoreDataManager.swift */ = {isa = PBXFileReference; fileEncoding = 4; lastKnownFileType = sourcecode.swift; path = CoreDataManager.swift; sourceTree = "<group>"; };
		E87FD17F2AD8E1EF00E9164A /* RTSViewer.xcdatamodel */ = {isa = PBXFileReference; lastKnownFileType = wrapper.xcdatamodel; path = RTSViewer.xcdatamodel; sourceTree = "<group>"; };
		E87FD1802AD8E1EF00E9164A /* StreamDataManager.swift */ = {isa = PBXFileReference; fileEncoding = 4; lastKnownFileType = sourcecode.swift; path = StreamDataManager.swift; sourceTree = "<group>"; };
		E87FD1822AD8E1EF00E9164A /* DateProvider.swift */ = {isa = PBXFileReference; fileEncoding = 4; lastKnownFileType = sourcecode.swift; path = DateProvider.swift; sourceTree = "<group>"; };
		E87FD1832AD8E1EF00E9164A /* NetworkMonitor.swift */ = {isa = PBXFileReference; fileEncoding = 4; lastKnownFileType = sourcecode.swift; path = NetworkMonitor.swift; sourceTree = "<group>"; };
		E87FD1842AD8E1EF00E9164A /* Task+Delayed.swift */ = {isa = PBXFileReference; fileEncoding = 4; lastKnownFileType = sourcecode.swift; path = "Task+Delayed.swift"; sourceTree = "<group>"; };
		E87FD1872AD8E1EF00E9164A /* FooterView.swift */ = {isa = PBXFileReference; fileEncoding = 4; lastKnownFileType = sourcecode.swift; path = FooterView.swift; sourceTree = "<group>"; };
		E87FD1892AD8E1EF00E9164A /* SavedStreamDetail.swift */ = {isa = PBXFileReference; fileEncoding = 4; lastKnownFileType = sourcecode.swift; path = SavedStreamDetail.swift; sourceTree = "<group>"; };
		E87FD1BE2AD90F6C00E9164A /* AppConfigurationScreen.swift */ = {isa = PBXFileReference; lastKnownFileType = sourcecode.swift; path = AppConfigurationScreen.swift; sourceTree = "<group>"; };
		E8816E312A1086E400064B1D /* Interactive Player.app */ = {isa = PBXFileReference; explicitFileType = wrapper.application; includeInIndex = 0; path = "Interactive Player.app"; sourceTree = BUILT_PRODUCTS_DIR; };
		E8B4B1472ADD007F003DDA44 /* rts-uikit-ios */ = {isa = PBXFileReference; lastKnownFileType = wrapper; name = "rts-uikit-ios"; path = "../../rts-uikit-ios"; sourceTree = "<group>"; };
		E8B4B14B2ADD03DF003DDA44 /* URL+LogPath.swift */ = {isa = PBXFileReference; lastKnownFileType = sourcecode.swift; path = "URL+LogPath.swift"; sourceTree = "<group>"; };
		E8E1855E2A1099F900BF4726 /* StreamDetailInputViewModel.swift */ = {isa = PBXFileReference; fileEncoding = 4; lastKnownFileType = sourcecode.swift; path = StreamDetailInputViewModel.swift; sourceTree = "<group>"; };
		E8E185632A10A47000BF4726 /* InteractiveVieweriOSDebugSettings.xcconfig */ = {isa = PBXFileReference; lastKnownFileType = text.xcconfig; path = InteractiveVieweriOSDebugSettings.xcconfig; sourceTree = "<group>"; };
		E8E185642A10A47000BF4726 /* InteractiveVieweriOSReleaseSettings.xcconfig */ = {isa = PBXFileReference; lastKnownFileType = text.xcconfig; path = InteractiveVieweriOSReleaseSettings.xcconfig; sourceTree = "<group>"; };
/* End PBXFileReference section */

/* Begin PBXFrameworksBuildPhase section */
		E8816E232A1086E400064B1D /* Frameworks */ = {
			isa = PBXFrameworksBuildPhase;
			buildActionMask = 2147483647;
			files = (
				E8B4B14A2ADD0117003DDA44 /* DolbyIORTSUIKit in Frameworks */,
			);
			runOnlyForDeploymentPostprocessing = 0;
		};
/* End PBXFrameworksBuildPhase section */

/* Begin PBXGroup section */
		3FE90C0F26B2AF4200B206A3 = {
			isa = PBXGroup;
			children = (
				E8649BED295284F400309BF7 /* Configuration */,
				E8649BF2295299FB00309BF7 /* fastlane */,
				E8816DF22A10867200064B1D /* Interactive Viewer */,
				E87FD02C2AD8B48800E9164A /* Packages */,
				3FE90C1926B2AF4200B206A3 /* Products */,
				E87FD1952AD8E27800E9164A /* Frameworks */,
			);
			sourceTree = "<group>";
		};
		3FE90C1926B2AF4200B206A3 /* Products */ = {
			isa = PBXGroup;
			children = (
				E8816E312A1086E400064B1D /* Interactive Player.app */,
			);
			name = Products;
			sourceTree = "<group>";
		};
		E83CD9DD2A10878C008690FD /* iOS */ = {
			isa = PBXGroup;
			children = (
				E87FD1BD2AD90F3000E9164A /* AppConfiguration */,
				E83CD9E02A10878C008690FD /* Assets.xcassets */,
				B6376BC12A1C4120007AD9D9 /* Constants.swift */,
				E83CD9F12A10878C008690FD /* ContentView.swift */,
				E87FD1852AD8E1EF00E9164A /* Components */,
				E87FD0C62AD8DE4600E9164A /* ImageAsset.swift */,
				E83CD9F22A10878C008690FD /* Info.plist */,
				E83CD9E12A10878C008690FD /* LandingView */,
				E83CD9E82A10878C008690FD /* Launch Screen.storyboard */,
				E83CD9E52A10878C008690FD /* Localizable.strings */,
				E83CD9F32A10878C008690FD /* RecentStreams */,
				3FE90C1B26B2AF4200B206A3 /* RTSViewer.swift */,
				E83CD9E62A10878C008690FD /* SplashScreen */,
				E83CD9DE2A10878C008690FD /* StreamDetailInputScreen */,
			);
			path = iOS;
			sourceTree = "<group>";
		};
		E83CD9DE2A10878C008690FD /* StreamDetailInputScreen */ = {
			isa = PBXGroup;
			children = (
				E8E1855E2A1099F900BF4726 /* StreamDetailInputViewModel.swift */,
				E83CD9DF2A10878C008690FD /* StreamDetailInputScreen.swift */,
			);
			path = StreamDetailInputScreen;
			sourceTree = "<group>";
		};
		E83CD9E12A10878C008690FD /* LandingView */ = {
			isa = PBXGroup;
			children = (
				E83CD9E22A10878C008690FD /* ViewModel */,
				E83CD9E42A10878C008690FD /* LandingView.swift */,
			);
			path = LandingView;
			sourceTree = "<group>";
		};
		E83CD9E22A10878C008690FD /* ViewModel */ = {
			isa = PBXGroup;
			children = (
				E83CD9E32A10878C008690FD /* LandingViewModel.swift */,
			);
			path = ViewModel;
			sourceTree = "<group>";
		};
		E83CD9E62A10878C008690FD /* SplashScreen */ = {
			isa = PBXGroup;
			children = (
				E83CD9E72A10878C008690FD /* SplashScreen.swift */,
			);
			path = SplashScreen;
			sourceTree = "<group>";
		};
		E83CD9F32A10878C008690FD /* RecentStreams */ = {
			isa = PBXGroup;
			children = (
				E83CD9F42A10878C008690FD /* ViewModels */,
				E83CD9F62A10878C008690FD /* RecentStreamCell.swift */,
				E83CD9F72A10878C008690FD /* RecentStreamsScreen.swift */,
				E83CD9F82A10878C008690FD /* SavedStreamsScreen.swift */,
			);
			path = RecentStreams;
			sourceTree = "<group>";
		};
		E83CD9F42A10878C008690FD /* ViewModels */ = {
			isa = PBXGroup;
			children = (
				E83CD9F52A10878C008690FD /* RecentStreamsViewModel.swift */,
			);
			path = ViewModels;
			sourceTree = "<group>";
		};
		E8649BED295284F400309BF7 /* Configuration */ = {
			isa = PBXGroup;
			children = (
				E8E185632A10A47000BF4726 /* InteractiveVieweriOSDebugSettings.xcconfig */,
				E8067F482A329F680083E94B /* InteractiveVieweriOSFirebaseReleaseSettings.xcconfig */,
				E8E185642A10A47000BF4726 /* InteractiveVieweriOSReleaseSettings.xcconfig */,
			);
			path = Configuration;
			sourceTree = "<group>";
		};
		E87FD02C2AD8B48800E9164A /* Packages */ = {
			isa = PBXGroup;
			children = (
				E8B4B1472ADD007F003DDA44 /* rts-uikit-ios */,
			);
			name = Packages;
			sourceTree = "<group>";
		};
		E87FD17C2AD8E1EF00E9164A /* Persistence */ = {
			isa = PBXGroup;
			children = (
				E87FD17D2AD8E1EF00E9164A /* CoreDataManager.swift */,
				E87FD17E2AD8E1EF00E9164A /* RTSViewer.xcdatamodeld */,
				E87FD1802AD8E1EF00E9164A /* StreamDataManager.swift */,
			);
			path = Persistence;
			sourceTree = "<group>";
		};
		E87FD1812AD8E1EF00E9164A /* Utils */ = {
			isa = PBXGroup;
			children = (
				E87FD1822AD8E1EF00E9164A /* DateProvider.swift */,
				E87FD1832AD8E1EF00E9164A /* NetworkMonitor.swift */,
				E87FD1842AD8E1EF00E9164A /* Task+Delayed.swift */,
				E8B4B14B2ADD03DF003DDA44 /* URL+LogPath.swift */,
			);
			path = Utils;
			sourceTree = "<group>";
		};
		E87FD1852AD8E1EF00E9164A /* Components */ = {
			isa = PBXGroup;
			children = (
				E87FD1862AD8E1EF00E9164A /* Footer */,
			);
			path = Components;
			sourceTree = "<group>";
		};
		E87FD1862AD8E1EF00E9164A /* Footer */ = {
			isa = PBXGroup;
			children = (
				E87FD1872AD8E1EF00E9164A /* FooterView.swift */,
			);
			path = Footer;
			sourceTree = "<group>";
		};
		E87FD1882AD8E1EF00E9164A /* Models */ = {
			isa = PBXGroup;
			children = (
				E87FD1892AD8E1EF00E9164A /* SavedStreamDetail.swift */,
			);
			path = Models;
			sourceTree = "<group>";
		};
		E87FD1952AD8E27800E9164A /* Frameworks */ = {
			isa = PBXGroup;
			children = (
			);
			name = Frameworks;
			sourceTree = "<group>";
		};
		E87FD1BD2AD90F3000E9164A /* AppConfiguration */ = {
			isa = PBXGroup;
			children = (
				E87FD1BE2AD90F6C00E9164A /* AppConfigurationScreen.swift */,
			);
			path = AppConfiguration;
			sourceTree = "<group>";
		};
		E87FD1C42ADCFEA800E9164A /* Common */ = {
			isa = PBXGroup;
			children = (
				E87FD1812AD8E1EF00E9164A /* Utils */,
				E87FD17C2AD8E1EF00E9164A /* Persistence */,
				E87FD1882AD8E1EF00E9164A /* Models */,
			);
			path = Common;
			sourceTree = "<group>";
		};
		E8816DF22A10867200064B1D /* Interactive Viewer */ = {
			isa = PBXGroup;
			children = (
				E87FD1C42ADCFEA800E9164A /* Common */,
				E83CD9DD2A10878C008690FD /* iOS */,
			);
			path = "Interactive Viewer";
			sourceTree = "<group>";
		};
/* End PBXGroup section */

/* Begin PBXNativeTarget section */
		E8816DFF2A1086E400064B1D /* Interactive Player */ = {
			isa = PBXNativeTarget;
			buildConfigurationList = E8816E2E2A1086E400064B1D /* Build configuration list for PBXNativeTarget "Interactive Player" */;
			buildPhases = (
				E8816E032A1086E400064B1D /* Linting */,
				E8816E042A1086E400064B1D /* Sources */,
				E8816E232A1086E400064B1D /* Frameworks */,
				E8816E272A1086E400064B1D /* Resources */,
				E8816E2D2A1086E400064B1D /* Embed Frameworks */,
			);
			buildRules = (
			);
			dependencies = (
			);
			name = "Interactive Player";
			packageProductDependencies = (
				E8B4B1492ADD0117003DDA44 /* DolbyIORTSUIKit */,
			);
			productName = "Millicast SDK Sample App in Swift";
			productReference = E8816E312A1086E400064B1D /* Interactive Player.app */;
			productType = "com.apple.product-type.application";
		};
/* End PBXNativeTarget section */

/* Begin PBXProject section */
		3FE90C1026B2AF4200B206A3 /* Project object */ = {
			isa = PBXProject;
			attributes = {
				LastSwiftUpdateCheck = 1420;
				LastUpgradeCheck = 1420;
			};
			buildConfigurationList = 3FE90C1326B2AF4200B206A3 /* Build configuration list for PBXProject "RTSViewer" */;
			compatibilityVersion = "Xcode 9.3";
			developmentRegion = en;
			hasScannedForEncodings = 0;
			knownRegions = (
				en,
				Base,
			);
			mainGroup = 3FE90C0F26B2AF4200B206A3;
			packageReferences = (
				E8B4B1482ADD0117003DDA44 /* XCRemoteSwiftPackageReference "rts-uikit-ios" */,
			);
			productRefGroup = 3FE90C1926B2AF4200B206A3 /* Products */;
			projectDirPath = "";
			projectRoot = "";
			targets = (
				E8816DFF2A1086E400064B1D /* Interactive Player */,
			);
		};
/* End PBXProject section */

/* Begin PBXResourcesBuildPhase section */
		E8816E272A1086E400064B1D /* Resources */ = {
			isa = PBXResourcesBuildPhase;
			buildActionMask = 2147483647;
			files = (
				E83CD9FF2A10878C008690FD /* Launch Screen.storyboard in Resources */,
				E83CD9FD2A10878C008690FD /* Localizable.strings in Resources */,
				E83CD9FA2A10878C008690FD /* Assets.xcassets in Resources */,
			);
			runOnlyForDeploymentPostprocessing = 0;
		};
/* End PBXResourcesBuildPhase section */

/* Begin PBXShellScriptBuildPhase section */
		E8816E032A1086E400064B1D /* Linting */ = {
			isa = PBXShellScriptBuildPhase;
			alwaysOutOfDate = 1;
			buildActionMask = 2147483647;
			files = (
			);
			inputFileListPaths = (
			);
			inputPaths = (
			);
			name = Linting;
			outputFileListPaths = (
			);
			outputPaths = (
			);
			runOnlyForDeploymentPostprocessing = 0;
			shellPath = /bin/sh;
			shellScript = "export PATH=\"$PATH:/opt/homebrew/bin\"\nif which swiftlint >/dev/null; then\n  swiftlint --fix && swiftlint\nelse\n  echo \"warning: SwiftLint not installed, download from https://github.com/realm/SwiftLint\"\nfi\n";
		};
/* End PBXShellScriptBuildPhase section */

/* Begin PBXSourcesBuildPhase section */
		E8816E042A1086E400064B1D /* Sources */ = {
			isa = PBXSourcesBuildPhase;
			buildActionMask = 2147483647;
			files = (
				E8E1855F2A1099F900BF4726 /* StreamDetailInputViewModel.swift in Sources */,
				E87FD19E2AD8E77B00E9164A /* FooterView.swift in Sources */,
				E83CDA0B2A10878C008690FD /* RecentStreamsScreen.swift in Sources */,
				E83CDA072A10878C008690FD /* ContentView.swift in Sources */,
				E87FD1C52ADCFEB700E9164A /* SavedStreamDetail.swift in Sources */,
				E87FD1CB2ADCFEDA00E9164A /* Task+Delayed.swift in Sources */,
				E83CDA092A10878C008690FD /* RecentStreamsViewModel.swift in Sources */,
				E87FD1C92ADCFED400E9164A /* DateProvider.swift in Sources */,
				E87FD1C72ADCFEC700E9164A /* CoreDataManager.swift in Sources */,
				E87FD1BF2AD90F6C00E9164A /* AppConfigurationScreen.swift in Sources */,
				E87FD0C72AD8DE4600E9164A /* ImageAsset.swift in Sources */,
				E83CD9F92A10878C008690FD /* StreamDetailInputScreen.swift in Sources */,
				E87FD1C82ADCFECC00E9164A /* RTSViewer.xcdatamodeld in Sources */,
				B6376BC22A1C4120007AD9D9 /* Constants.swift in Sources */,
				E87FD1CA2ADCFED700E9164A /* NetworkMonitor.swift in Sources */,
				E83CDA0C2A10878C008690FD /* SavedStreamsScreen.swift in Sources */,
				E83CD9FC2A10878C008690FD /* LandingView.swift in Sources */,
				E83CDA0A2A10878C008690FD /* RecentStreamCell.swift in Sources */,
				E8B4B14C2ADD03DF003DDA44 /* URL+LogPath.swift in Sources */,
				E83CD9FE2A10878C008690FD /* SplashScreen.swift in Sources */,
				E83CD9FB2A10878C008690FD /* LandingViewModel.swift in Sources */,
				E8264D682A25B32D00660507 /* RTSViewer.swift in Sources */,
				E87FD1C62ADCFEC400E9164A /* StreamDataManager.swift in Sources */,
			);
			runOnlyForDeploymentPostprocessing = 0;
		};
/* End PBXSourcesBuildPhase section */

/* Begin XCBuildConfiguration section */
		3FE90C3B26B2AF4400B206A3 /* Debug */ = {
			isa = XCBuildConfiguration;
			buildSettings = {
				ALWAYS_SEARCH_USER_PATHS = NO;
				CLANG_ANALYZER_NONNULL = YES;
				CLANG_ANALYZER_NUMBER_OBJECT_CONVERSION = YES_AGGRESSIVE;
				CLANG_CXX_LANGUAGE_STANDARD = "gnu++14";
				CLANG_CXX_LIBRARY = "libc++";
				CLANG_ENABLE_MODULES = YES;
				CLANG_ENABLE_OBJC_ARC = YES;
				CLANG_ENABLE_OBJC_WEAK = YES;
				CLANG_WARN_BLOCK_CAPTURE_AUTORELEASING = YES;
				CLANG_WARN_BOOL_CONVERSION = YES;
				CLANG_WARN_COMMA = YES;
				CLANG_WARN_CONSTANT_CONVERSION = YES;
				CLANG_WARN_DEPRECATED_OBJC_IMPLEMENTATIONS = YES;
				CLANG_WARN_DIRECT_OBJC_ISA_USAGE = YES_ERROR;
				CLANG_WARN_DOCUMENTATION_COMMENTS = YES;
				CLANG_WARN_EMPTY_BODY = YES;
				CLANG_WARN_ENUM_CONVERSION = YES;
				CLANG_WARN_INFINITE_RECURSION = YES;
				CLANG_WARN_INT_CONVERSION = YES;
				CLANG_WARN_NON_LITERAL_NULL_CONVERSION = YES;
				CLANG_WARN_OBJC_IMPLICIT_RETAIN_SELF = YES;
				CLANG_WARN_OBJC_LITERAL_CONVERSION = YES;
				CLANG_WARN_OBJC_ROOT_CLASS = YES_ERROR;
				CLANG_WARN_QUOTED_INCLUDE_IN_FRAMEWORK_HEADER = YES;
				CLANG_WARN_RANGE_LOOP_ANALYSIS = YES;
				CLANG_WARN_STRICT_PROTOTYPES = YES;
				CLANG_WARN_SUSPICIOUS_MOVE = YES;
				CLANG_WARN_UNGUARDED_AVAILABILITY = YES_AGGRESSIVE;
				CLANG_WARN_UNREACHABLE_CODE = YES;
				CLANG_WARN__DUPLICATE_METHOD_MATCH = YES;
				COPY_PHASE_STRIP = NO;
				DEBUG_INFORMATION_FORMAT = dwarf;
				ENABLE_BITCODE = NO;
				ENABLE_STRICT_OBJC_MSGSEND = YES;
				ENABLE_TESTABILITY = YES;
				GCC_C_LANGUAGE_STANDARD = gnu11;
				GCC_DYNAMIC_NO_PIC = NO;
				GCC_NO_COMMON_BLOCKS = YES;
				GCC_OPTIMIZATION_LEVEL = 0;
				GCC_PREPROCESSOR_DEFINITIONS = (
					"DEBUG=1",
					"$(inherited)",
				);
				GCC_WARN_64_TO_32_BIT_CONVERSION = YES;
				GCC_WARN_ABOUT_RETURN_TYPE = YES_ERROR;
				GCC_WARN_UNDECLARED_SELECTOR = YES;
				GCC_WARN_UNINITIALIZED_AUTOS = YES_AGGRESSIVE;
				GCC_WARN_UNUSED_FUNCTION = YES;
				GCC_WARN_UNUSED_VARIABLE = YES;
				IPHONEOS_DEPLOYMENT_TARGET = 15.0;
				MARKETING_VERSION = 1.0;
				MTL_ENABLE_DEBUG_INFO = INCLUDE_SOURCE;
				MTL_FAST_MATH = YES;
				ONLY_ACTIVE_ARCH = YES;
				SDKROOT = iphoneos;
				SWIFT_ACTIVE_COMPILATION_CONDITIONS = DEBUG;
				SWIFT_OPTIMIZATION_LEVEL = "-Onone";
				TVOS_DEPLOYMENT_TARGET = 15.0;
				VALIDATE_WORKSPACE = YES;
			};
			name = Debug;
		};
		3FE90C3C26B2AF4400B206A3 /* Release */ = {
			isa = XCBuildConfiguration;
			buildSettings = {
				ALWAYS_SEARCH_USER_PATHS = NO;
				CLANG_ANALYZER_NONNULL = YES;
				CLANG_ANALYZER_NUMBER_OBJECT_CONVERSION = YES_AGGRESSIVE;
				CLANG_CXX_LANGUAGE_STANDARD = "gnu++14";
				CLANG_CXX_LIBRARY = "libc++";
				CLANG_ENABLE_MODULES = YES;
				CLANG_ENABLE_OBJC_ARC = YES;
				CLANG_ENABLE_OBJC_WEAK = YES;
				CLANG_WARN_BLOCK_CAPTURE_AUTORELEASING = YES;
				CLANG_WARN_BOOL_CONVERSION = YES;
				CLANG_WARN_COMMA = YES;
				CLANG_WARN_CONSTANT_CONVERSION = YES;
				CLANG_WARN_DEPRECATED_OBJC_IMPLEMENTATIONS = YES;
				CLANG_WARN_DIRECT_OBJC_ISA_USAGE = YES_ERROR;
				CLANG_WARN_DOCUMENTATION_COMMENTS = YES;
				CLANG_WARN_EMPTY_BODY = YES;
				CLANG_WARN_ENUM_CONVERSION = YES;
				CLANG_WARN_INFINITE_RECURSION = YES;
				CLANG_WARN_INT_CONVERSION = YES;
				CLANG_WARN_NON_LITERAL_NULL_CONVERSION = YES;
				CLANG_WARN_OBJC_IMPLICIT_RETAIN_SELF = YES;
				CLANG_WARN_OBJC_LITERAL_CONVERSION = YES;
				CLANG_WARN_OBJC_ROOT_CLASS = YES_ERROR;
				CLANG_WARN_QUOTED_INCLUDE_IN_FRAMEWORK_HEADER = YES;
				CLANG_WARN_RANGE_LOOP_ANALYSIS = YES;
				CLANG_WARN_STRICT_PROTOTYPES = YES;
				CLANG_WARN_SUSPICIOUS_MOVE = YES;
				CLANG_WARN_UNGUARDED_AVAILABILITY = YES_AGGRESSIVE;
				CLANG_WARN_UNREACHABLE_CODE = YES;
				CLANG_WARN__DUPLICATE_METHOD_MATCH = YES;
				COPY_PHASE_STRIP = NO;
				DEBUG_INFORMATION_FORMAT = "dwarf-with-dsym";
				ENABLE_BITCODE = NO;
				ENABLE_NS_ASSERTIONS = NO;
				ENABLE_STRICT_OBJC_MSGSEND = YES;
				GCC_C_LANGUAGE_STANDARD = gnu11;
				GCC_NO_COMMON_BLOCKS = YES;
				GCC_WARN_64_TO_32_BIT_CONVERSION = YES;
				GCC_WARN_ABOUT_RETURN_TYPE = YES_ERROR;
				GCC_WARN_UNDECLARED_SELECTOR = YES;
				GCC_WARN_UNINITIALIZED_AUTOS = YES_AGGRESSIVE;
				GCC_WARN_UNUSED_FUNCTION = YES;
				GCC_WARN_UNUSED_VARIABLE = YES;
				IPHONEOS_DEPLOYMENT_TARGET = 15.0;
				MARKETING_VERSION = 1.0;
				MTL_ENABLE_DEBUG_INFO = NO;
				MTL_FAST_MATH = YES;
				SDKROOT = iphoneos;
				SWIFT_COMPILATION_MODE = wholemodule;
				SWIFT_OPTIMIZATION_LEVEL = "-O";
				TVOS_DEPLOYMENT_TARGET = 15.0;
				VALIDATE_PRODUCT = YES;
				VALIDATE_WORKSPACE = YES;
			};
			name = Release;
		};
		E8816E2F2A1086E400064B1D /* Debug */ = {
			isa = XCBuildConfiguration;
			baseConfigurationReference = E8E185632A10A47000BF4726 /* InteractiveVieweriOSDebugSettings.xcconfig */;
			buildSettings = {
				ASSETCATALOG_COMPILER_APPICON_NAME = AppIcon;
				ASSETCATALOG_COMPILER_GLOBAL_ACCENT_COLOR_NAME = AccentColor;
				BUILD_LIBRARY_FOR_DISTRIBUTION = NO;
				CLANG_ENABLE_MODULES = YES;
				CURRENT_PROJECT_VERSION = 1;
				ENABLE_BITCODE = NO;
				ENABLE_PREVIEWS = YES;
				FRAMEWORK_SEARCH_PATHS = "$(inherited)";
				INFOPLIST_FILE = "Interactive Viewer/iOS/Info.plist";
				IPHONEOS_DEPLOYMENT_TARGET = 15.0;
				LD_RUNPATH_SEARCH_PATHS = (
					"$(inherited)",
					"@executable_path/Frameworks",
				);
				PRODUCT_NAME = "$(TARGET_NAME)";
				SUPPORTED_PLATFORMS = "iphoneos iphonesimulator";
				SUPPORTS_MACCATALYST = NO;
				SUPPORTS_MAC_DESIGNED_FOR_IPHONE_IPAD = NO;
				SWIFT_OBJC_BRIDGING_HEADER = "";
				SWIFT_OPTIMIZATION_LEVEL = "-Onone";
				SWIFT_VERSION = 5.0;
				TARGETED_DEVICE_FAMILY = 1;
				VALIDATE_WORKSPACE = YES;
				VERSIONING_SYSTEM = "apple-generic";
			};
			name = Debug;
		};
		E8816E302A1086E400064B1D /* Release */ = {
			isa = XCBuildConfiguration;
			baseConfigurationReference = E8E185642A10A47000BF4726 /* InteractiveVieweriOSReleaseSettings.xcconfig */;
			buildSettings = {
				ASSETCATALOG_COMPILER_APPICON_NAME = AppIcon;
				ASSETCATALOG_COMPILER_GLOBAL_ACCENT_COLOR_NAME = AccentColor;
				BUILD_LIBRARY_FOR_DISTRIBUTION = NO;
				CLANG_ENABLE_MODULES = YES;
				CURRENT_PROJECT_VERSION = 1;
				ENABLE_BITCODE = NO;
				ENABLE_PREVIEWS = YES;
				FRAMEWORK_SEARCH_PATHS = "$(inherited)";
				INFOPLIST_FILE = "Interactive Viewer/iOS/Info.plist";
				IPHONEOS_DEPLOYMENT_TARGET = 15.0;
				LD_RUNPATH_SEARCH_PATHS = (
					"$(inherited)",
					"@executable_path/Frameworks",
				);
				PRODUCT_NAME = "$(TARGET_NAME)";
				SUPPORTED_PLATFORMS = "iphoneos iphonesimulator";
				SUPPORTS_MACCATALYST = NO;
				SUPPORTS_MAC_DESIGNED_FOR_IPHONE_IPAD = NO;
				SWIFT_OBJC_BRIDGING_HEADER = "";
				SWIFT_VERSION = 5.0;
				TARGETED_DEVICE_FAMILY = 1;
				VALIDATE_WORKSPACE = YES;
				VERSIONING_SYSTEM = "apple-generic";
			};
			name = Release;
		};
		E8AEF5F02A37F46200DA82B3 /* Staging */ = {
			isa = XCBuildConfiguration;
			buildSettings = {
				ALWAYS_SEARCH_USER_PATHS = NO;
				CLANG_ANALYZER_NONNULL = YES;
				CLANG_ANALYZER_NUMBER_OBJECT_CONVERSION = YES_AGGRESSIVE;
				CLANG_CXX_LANGUAGE_STANDARD = "gnu++14";
				CLANG_CXX_LIBRARY = "libc++";
				CLANG_ENABLE_MODULES = YES;
				CLANG_ENABLE_OBJC_ARC = YES;
				CLANG_ENABLE_OBJC_WEAK = YES;
				CLANG_WARN_BLOCK_CAPTURE_AUTORELEASING = YES;
				CLANG_WARN_BOOL_CONVERSION = YES;
				CLANG_WARN_COMMA = YES;
				CLANG_WARN_CONSTANT_CONVERSION = YES;
				CLANG_WARN_DEPRECATED_OBJC_IMPLEMENTATIONS = YES;
				CLANG_WARN_DIRECT_OBJC_ISA_USAGE = YES_ERROR;
				CLANG_WARN_DOCUMENTATION_COMMENTS = YES;
				CLANG_WARN_EMPTY_BODY = YES;
				CLANG_WARN_ENUM_CONVERSION = YES;
				CLANG_WARN_INFINITE_RECURSION = YES;
				CLANG_WARN_INT_CONVERSION = YES;
				CLANG_WARN_NON_LITERAL_NULL_CONVERSION = YES;
				CLANG_WARN_OBJC_IMPLICIT_RETAIN_SELF = YES;
				CLANG_WARN_OBJC_LITERAL_CONVERSION = YES;
				CLANG_WARN_OBJC_ROOT_CLASS = YES_ERROR;
				CLANG_WARN_QUOTED_INCLUDE_IN_FRAMEWORK_HEADER = YES;
				CLANG_WARN_RANGE_LOOP_ANALYSIS = YES;
				CLANG_WARN_STRICT_PROTOTYPES = YES;
				CLANG_WARN_SUSPICIOUS_MOVE = YES;
				CLANG_WARN_UNGUARDED_AVAILABILITY = YES_AGGRESSIVE;
				CLANG_WARN_UNREACHABLE_CODE = YES;
				CLANG_WARN__DUPLICATE_METHOD_MATCH = YES;
				COPY_PHASE_STRIP = NO;
				DEBUG_INFORMATION_FORMAT = "dwarf-with-dsym";
				ENABLE_BITCODE = NO;
				ENABLE_NS_ASSERTIONS = NO;
				ENABLE_STRICT_OBJC_MSGSEND = YES;
				GCC_C_LANGUAGE_STANDARD = gnu11;
				GCC_NO_COMMON_BLOCKS = YES;
				GCC_WARN_64_TO_32_BIT_CONVERSION = YES;
				GCC_WARN_ABOUT_RETURN_TYPE = YES_ERROR;
				GCC_WARN_UNDECLARED_SELECTOR = YES;
				GCC_WARN_UNINITIALIZED_AUTOS = YES_AGGRESSIVE;
				GCC_WARN_UNUSED_FUNCTION = YES;
				GCC_WARN_UNUSED_VARIABLE = YES;
				IPHONEOS_DEPLOYMENT_TARGET = 15.0;
				MARKETING_VERSION = 1.0;
				MTL_ENABLE_DEBUG_INFO = NO;
				MTL_FAST_MATH = YES;
				SDKROOT = iphoneos;
				SWIFT_COMPILATION_MODE = wholemodule;
				SWIFT_OPTIMIZATION_LEVEL = "-O";
				TVOS_DEPLOYMENT_TARGET = 15.0;
				VALIDATE_PRODUCT = YES;
				VALIDATE_WORKSPACE = YES;
			};
			name = Staging;
		};
		E8AEF5F42A37F46200DA82B3 /* Staging */ = {
			isa = XCBuildConfiguration;
			baseConfigurationReference = E8067F482A329F680083E94B /* InteractiveVieweriOSFirebaseReleaseSettings.xcconfig */;
			buildSettings = {
				ASSETCATALOG_COMPILER_APPICON_NAME = AppIcon;
				ASSETCATALOG_COMPILER_GLOBAL_ACCENT_COLOR_NAME = AccentColor;
				BUILD_LIBRARY_FOR_DISTRIBUTION = NO;
				CLANG_ENABLE_MODULES = YES;
				CURRENT_PROJECT_VERSION = 1;
				ENABLE_BITCODE = NO;
				ENABLE_PREVIEWS = YES;
				FRAMEWORK_SEARCH_PATHS = "$(inherited)";
				INFOPLIST_FILE = "Interactive Viewer/iOS/Info.plist";
				IPHONEOS_DEPLOYMENT_TARGET = 15.0;
				LD_RUNPATH_SEARCH_PATHS = (
					"$(inherited)",
					"@executable_path/Frameworks",
				);
				PRODUCT_NAME = "$(TARGET_NAME)";
				SUPPORTED_PLATFORMS = "iphoneos iphonesimulator";
				SUPPORTS_MACCATALYST = NO;
				SUPPORTS_MAC_DESIGNED_FOR_IPHONE_IPAD = NO;
				SWIFT_OBJC_BRIDGING_HEADER = "";
				SWIFT_VERSION = 5.0;
				TARGETED_DEVICE_FAMILY = 1;
				VALIDATE_WORKSPACE = YES;
				VERSIONING_SYSTEM = "apple-generic";
			};
			name = Staging;
		};
/* End XCBuildConfiguration section */

/* Begin XCConfigurationList section */
		3FE90C1326B2AF4200B206A3 /* Build configuration list for PBXProject "RTSViewer" */ = {
			isa = XCConfigurationList;
			buildConfigurations = (
				3FE90C3B26B2AF4400B206A3 /* Debug */,
				3FE90C3C26B2AF4400B206A3 /* Release */,
				E8AEF5F02A37F46200DA82B3 /* Staging */,
			);
			defaultConfigurationIsVisible = 0;
			defaultConfigurationName = Release;
		};
		E8816E2E2A1086E400064B1D /* Build configuration list for PBXNativeTarget "Interactive Player" */ = {
			isa = XCConfigurationList;
			buildConfigurations = (
				E8816E2F2A1086E400064B1D /* Debug */,
				E8816E302A1086E400064B1D /* Release */,
				E8AEF5F42A37F46200DA82B3 /* Staging */,
			);
			defaultConfigurationIsVisible = 0;
			defaultConfigurationName = Release;
		};
/* End XCConfigurationList section */

/* Begin XCRemoteSwiftPackageReference section */
		E8B4B1482ADD0117003DDA44 /* XCRemoteSwiftPackageReference "rts-uikit-ios" */ = {
			isa = XCRemoteSwiftPackageReference;
			repositoryURL = "git@github.com:DolbyIO/rts-uikit-ios.git";
			requirement = {
				kind = upToNextMajorVersion;
				minimumVersion = 0.0.5;
			};
		};
/* End XCRemoteSwiftPackageReference section */

/* Begin XCSwiftPackageProductDependency section */
		E8B4B1492ADD0117003DDA44 /* DolbyIORTSUIKit */ = {
			isa = XCSwiftPackageProductDependency;
			package = E8B4B1482ADD0117003DDA44 /* XCRemoteSwiftPackageReference "rts-uikit-ios" */;
			productName = DolbyIORTSUIKit;
		};
/* End XCSwiftPackageProductDependency section */

/* Begin XCVersionGroup section */
		E87FD17E2AD8E1EF00E9164A /* RTSViewer.xcdatamodeld */ = {
			isa = XCVersionGroup;
			children = (
				E87FD17F2AD8E1EF00E9164A /* RTSViewer.xcdatamodel */,
			);
			currentVersion = E87FD17F2AD8E1EF00E9164A /* RTSViewer.xcdatamodel */;
			path = RTSViewer.xcdatamodeld;
			sourceTree = "<group>";
			versionGroupType = wrapper.xcdatamodel;
		};
/* End XCVersionGroup section */
	};
	rootObject = 3FE90C1026B2AF4200B206A3 /* Project object */;
}
