{
  "pins" : [
    {
      "identity" : "millicast-sdk-swift-package",
      "kind" : "remoteSourceControl",
      "location" : "https://github.com/millicast/millicast-sdk-swift-package",
      "state" : {
        "revision" : "f5e0abd63564f591d4fef0ab82d9e0cdee858579",
        "version" : "1.5.0"
      }
    }
  ],
  "version" : 2
}
