{
  "pins" : [
    {
      "identity" : "millicast-sdk-swift-package",
      "kind" : "remoteSourceControl",
      "location" : "https://github.com/millicast/millicast-sdk-swift-package",
      "state" : {
        "revision" : "f5e0abd63564f591d4fef0ab82d9e0cdee858579",
        "version" : "1.5.0"
      }
    },
    {
      "identity" : "rts-uikit-ios",
      "kind" : "remoteSourceControl",
      "location" : "https://github.com/DolbyIO/rts-uikit-ios",
      "state" : {
        "branch" : "main",
        "revision" : "e4b90ca1de7c8b2ee8916395430138c955494329"
      }
    }
  ],
  "version" : 2
}
