{
  "pins" : [
    {
      "identity" : "millicast-sdk-swift-package",
      "kind" : "remoteSourceControl",
      "location" : "https://github.com/millicast/millicast-sdk-swift-package",
      "state" : {
        "revision" : "a36748fd8b8d8fe8d94608f42972e5002d2dd9f5",
        "version" : "2.0.0"
      }
    }
  ],
  "version" : 2
}
