{
  "pins" : [
    {
      "identity" : "millicast-sdk-swift-package",
      "kind" : "remoteSourceControl",
      "location" : "https://github.com/millicast/millicast-sdk-swift-package",
      "state" : {
        "revision" : "001f8654ba31461ecf805ae8a15e4d92efa8064e",
        "version" : "1.7.0"
      }
    },
    {
      "identity" : "rts-uikit-ios",
      "kind" : "remoteSourceControl",
      "location" : "https://github.com/DolbyIO/rts-uikit-ios",
      "state" : {
        "revision" : "e5a2a8150dcc79a14d13a8df2ecdf15c7a6e5794",
        "version" : "0.0.4"
      }
    }
  ],
  "version" : 2
}
