{
  "originHash" : "618e7155ffa27839b17ff65b712696bdb46a9da6e33b087736cb48661bb38d73",
  "pins" : [
    {
      "identity" : "millicast-sdk-swift-package",
      "kind" : "remoteSourceControl",
      "location" : "https://github.com/millicast/millicast-sdk-swift-package",
      "state" : {
        "revision" : "ae03398b36cb7eebcfd2477cafe8ad838b07114f",
        "version" : "2.5.2"
      }
    },
    {
      "identity" : "swift-collections",
      "kind" : "remoteSourceControl",
      "location" : "https://github.com/apple/swift-collections.git",
      "state" : {
        "revision" : "8c0c0a8b49e080e54e5e328cc552821ff07cd341",
        "version" : "1.2.1"
      }
    }
  ],
  "version" : 3
}
