// !$*UTF8*$!
{
	archiveVersion = 1;
	classes = {
	};
	objectVersion = 54;
	objects = {

/* Begin PBXBuildFile section */
		3FA8DBA92704AECD009713E8 /* README.md in Resources */ = {isa = PBXBuildFile; fileRef = 3FA8DBA82704AECD009713E8 /* README.md */; };
		3FA8DBAA2704AECD009713E8 /* README.md in Resources */ = {isa = PBXBuildFile; fileRef = 3FA8DBA82704AECD009713E8 /* README.md */; };
		3FE90C1C26B2AF4200B206A3 /* RTSViewer.swift in Sources */ = {isa = PBXBuildFile; fileRef = 3FE90C1B26B2AF4200B206A3 /* RTSViewer.swift */; };
		3FE90C2026B2AF4300B206A3 /* Assets.xcassets in Resources */ = {isa = PBXBuildFile; fileRef = 3FE90C1F26B2AF4300B206A3 /* Assets.xcassets */; };
		3FE90C2326B2AF4300B206A3 /* Preview Assets.xcassets in Resources */ = {isa = PBXBuildFile; fileRef = 3FE90C2226B2AF4300B206A3 /* Preview Assets.xcassets */; };
		631DD25826F1E18E0023D24A /* ContentView.swift in Sources */ = {isa = PBXBuildFile; fileRef = 3FE90C1D26B2AF4200B206A3 /* ContentView.swift */; };
		631DD25926F1E18E0023D24A /* RTSViewer.swift in Sources */ = {isa = PBXBuildFile; fileRef = 3FE90C1B26B2AF4200B206A3 /* RTSViewer.swift */; };
		631DD26326F1E18E0023D24A /* Preview Assets.xcassets in Resources */ = {isa = PBXBuildFile; fileRef = 3FE90C2226B2AF4300B206A3 /* Preview Assets.xcassets */; };
		637644BA2726F08300519FDD /* Assets.xcassets in Resources */ = {isa = PBXBuildFile; fileRef = 637644B92726F08300519FDD /* Assets.xcassets */; };
		6D29393B2988C844004EF087 /* AnyGestureRecognizer.swift in Sources */ = {isa = PBXBuildFile; fileRef = 6D29393A2988C844004EF087 /* AnyGestureRecognizer.swift */; };
		6D29393C2988C844004EF087 /* AnyGestureRecognizer.swift in Sources */ = {isa = PBXBuildFile; fileRef = 6D29393A2988C844004EF087 /* AnyGestureRecognizer.swift */; };
		6D61A9DB2999E3A1004CAF9E /* StreamToolbarViewModel.swift in Sources */ = {isa = PBXBuildFile; fileRef = 6D61A9DA2999E3A1004CAF9E /* StreamToolbarViewModel.swift */; };
		6D61A9DC2999E3A1004CAF9E /* StreamToolbarViewModel.swift in Sources */ = {isa = PBXBuildFile; fileRef = 6D61A9DA2999E3A1004CAF9E /* StreamToolbarViewModel.swift */; };
		6D61A9E3299AEE67004CAF9E /* StreamingToolbarView.swift in Sources */ = {isa = PBXBuildFile; fileRef = 6D61A9E1299AECE6004CAF9E /* StreamingToolbarView.swift */; };
		6D61A9E6299AFFE2004CAF9E /* StreamingToolbarView.swift in Sources */ = {isa = PBXBuildFile; fileRef = 6D61A9E5299AFFE2004CAF9E /* StreamingToolbarView.swift */; };
		6D61A9EA299B30B3004CAF9E /* SimulcastView.swift in Sources */ = {isa = PBXBuildFile; fileRef = 6D61A9E9299B30B3004CAF9E /* SimulcastView.swift */; };
		6D61A9F4299DAF01004CAF9E /* StreamingScreen.swift in Sources */ = {isa = PBXBuildFile; fileRef = 6D61A9F3299DAF01004CAF9E /* StreamingScreen.swift */; };
		6D61A9FB299DBC30004CAF9E /* StreamConnectionView.swift in Sources */ = {isa = PBXBuildFile; fileRef = 6D61A9FA299DBC30004CAF9E /* StreamConnectionView.swift */; };
		6D61A9FC299DBC30004CAF9E /* StreamConnectionView.swift in Sources */ = {isa = PBXBuildFile; fileRef = 6D61A9FA299DBC30004CAF9E /* StreamConnectionView.swift */; };
		6D61A9FF299DD09B004CAF9E /* SettingsView.swift in Sources */ = {isa = PBXBuildFile; fileRef = 6D61A9E7299B1A4D004CAF9E /* SettingsView.swift */; };
		6D6382B82977BCAE00DF4DA7 /* StatisticsView.swift in Sources */ = {isa = PBXBuildFile; fileRef = 6D6382B72977BCAE00DF4DA7 /* StatisticsView.swift */; };
		6D6382B92977BCAE00DF4DA7 /* StatisticsView.swift in Sources */ = {isa = PBXBuildFile; fileRef = 6D6382B72977BCAE00DF4DA7 /* StatisticsView.swift */; };
		B696B5322987790B00831FFF /* PersistentSettings.swift in Sources */ = {isa = PBXBuildFile; fileRef = B696B5312987790B00831FFF /* PersistentSettings.swift */; };
		B696B5332987790B00831FFF /* PersistentSettings.swift in Sources */ = {isa = PBXBuildFile; fileRef = B696B5312987790B00831FFF /* PersistentSettings.swift */; };
		E8224313299B00E400F9BB15 /* ContentView.swift in Sources */ = {isa = PBXBuildFile; fileRef = E8224312299B00E400F9BB15 /* ContentView.swift */; };
		E822431A299B057C00F9BB15 /* SplashScreen.swift in Sources */ = {isa = PBXBuildFile; fileRef = E8224319299B057C00F9BB15 /* SplashScreen.swift */; };
		E822431C299B073100F9BB15 /* Launch Screen.storyboard in Resources */ = {isa = PBXBuildFile; fileRef = E822431B299B073100F9BB15 /* Launch Screen.storyboard */; };
		E82A0C0F296CEA07007214B8 /* DolbyIOUIKit in Frameworks */ = {isa = PBXBuildFile; productRef = E82A0C0E296CEA07007214B8 /* DolbyIOUIKit */; };
		E82A0C13296CEA0F007214B8 /* DolbyIOUIKit in Frameworks */ = {isa = PBXBuildFile; productRef = E82A0C12296CEA0F007214B8 /* DolbyIOUIKit */; };
		E82A0C15296CEA12007214B8 /* RTSComponentKit in Frameworks */ = {isa = PBXBuildFile; productRef = E82A0C14296CEA12007214B8 /* RTSComponentKit */; };
		E82A0C1E296D0F04007214B8 /* StreamDetailInputScreen.swift in Sources */ = {isa = PBXBuildFile; fileRef = E82A0C1A296D0F04007214B8 /* StreamDetailInputScreen.swift */; };
		E82A0C20296D0F04007214B8 /* Localizable.strings in Resources */ = {isa = PBXBuildFile; fileRef = E82A0C1C296D0F04007214B8 /* Localizable.strings */; };
		E82FC5062977CF3B0050777F /* Task+Deplayed.swift in Sources */ = {isa = PBXBuildFile; fileRef = E82FC5052977CF3B0050777F /* Task+Deplayed.swift */; };
		E82FC5072977CF3E0050777F /* Task+Deplayed.swift in Sources */ = {isa = PBXBuildFile; fileRef = E82FC5052977CF3B0050777F /* Task+Deplayed.swift */; };
		E844ABED296DA5B20067B78C /* StreamingScreen.swift in Sources */ = {isa = PBXBuildFile; fileRef = E844ABEB296DA5B20067B78C /* StreamingScreen.swift */; };
		E8575E9929527B420070F53E /* MillicastSDK in Frameworks */ = {isa = PBXBuildFile; productRef = E8575E9829527B420070F53E /* MillicastSDK */; };
		E861E327299EFD0C00AEB3B5 /* Localizable.strings in Resources */ = {isa = PBXBuildFile; fileRef = E861E326299EFD0C00AEB3B5 /* Localizable.strings */; };
		E8649BE429527C9F00309BF7 /* MillicastSDK in Frameworks */ = {isa = PBXBuildFile; productRef = E8575E9829527B420070F53E /* MillicastSDK */; };
		E8752B4A298C72F7002D5C2B /* CoreDataManager.swift in Sources */ = {isa = PBXBuildFile; fileRef = E8752B49298C72F7002D5C2B /* CoreDataManager.swift */; };
		E8752B4B298C72F7002D5C2B /* CoreDataManager.swift in Sources */ = {isa = PBXBuildFile; fileRef = E8752B49298C72F7002D5C2B /* CoreDataManager.swift */; };
		E8752B4E298C75BD002D5C2B /* StreamDetail.swift in Sources */ = {isa = PBXBuildFile; fileRef = E8752B4D298C75BD002D5C2B /* StreamDetail.swift */; };
		E8752B4F298C75BD002D5C2B /* StreamDetail.swift in Sources */ = {isa = PBXBuildFile; fileRef = E8752B4D298C75BD002D5C2B /* StreamDetail.swift */; };
		E8752B51298C7D02002D5C2B /* DateProvider.swift in Sources */ = {isa = PBXBuildFile; fileRef = E8752B50298C7D02002D5C2B /* DateProvider.swift */; };
		E8752B52298C7D02002D5C2B /* DateProvider.swift in Sources */ = {isa = PBXBuildFile; fileRef = E8752B50298C7D02002D5C2B /* DateProvider.swift */; };
		E8752B57298C7F9F002D5C2B /* RecentStreamsViewModel.swift in Sources */ = {isa = PBXBuildFile; fileRef = E8752B55298C7F9F002D5C2B /* RecentStreamsViewModel.swift */; };
		E8752B5A298C9FB6002D5C2B /* RecentStreamButtonViewModel.swift in Sources */ = {isa = PBXBuildFile; fileRef = E8752B58298C9FB6002D5C2B /* RecentStreamButtonViewModel.swift */; };
		E8752B69298CA513002D5C2B /* StreamDataManagerTests.swift in Sources */ = {isa = PBXBuildFile; fileRef = E8752B68298CA513002D5C2B /* StreamDataManagerTests.swift */; };
		E8752B6D298CA614002D5C2B /* RecentStreamsViewModelTests.swift in Sources */ = {isa = PBXBuildFile; fileRef = E8752B6C298CA614002D5C2B /* RecentStreamsViewModelTests.swift */; };
		E8752B6F298CA622002D5C2B /* RecentStreamButtonViewModelTests.swift in Sources */ = {isa = PBXBuildFile; fileRef = E8752B6E298CA622002D5C2B /* RecentStreamButtonViewModelTests.swift */; };
		E8752B72298CA78D002D5C2B /* MockDateProvider.swift in Sources */ = {isa = PBXBuildFile; fileRef = E8752B71298CA78D002D5C2B /* MockDateProvider.swift */; };
		E8752B74298CB535002D5C2B /* MockStreamDataManager.swift in Sources */ = {isa = PBXBuildFile; fileRef = E8752B73298CB535002D5C2B /* MockStreamDataManager.swift */; };
		E89B68A52997009400A350F9 /* RTSComponentKit in Frameworks */ = {isa = PBXBuildFile; productRef = E89B68A42997009400A350F9 /* RTSComponentKit */; };
		E8B48E86297A2957000DC59A /* RecentStreamButton.swift in Sources */ = {isa = PBXBuildFile; fileRef = E8B48E84297A2957000DC59A /* RecentStreamButton.swift */; };
		E8BA8E0F2991CB0E0043DEE1 /* DisplayStreamViewModel.swift in Sources */ = {isa = PBXBuildFile; fileRef = E8BA8E0E2991CB0E0043DEE1 /* DisplayStreamViewModel.swift */; };
		E8BA8E102991CB0E0043DEE1 /* DisplayStreamViewModel.swift in Sources */ = {isa = PBXBuildFile; fileRef = E8BA8E0E2991CB0E0043DEE1 /* DisplayStreamViewModel.swift */; };
		E8BA8E182991E8B30043DEE1 /* SimulcastViewModel.swift in Sources */ = {isa = PBXBuildFile; fileRef = E8BA8E172991E8B30043DEE1 /* SimulcastViewModel.swift */; };
		E8BA8E192991E8B30043DEE1 /* SimulcastViewModel.swift in Sources */ = {isa = PBXBuildFile; fileRef = E8BA8E172991E8B30043DEE1 /* SimulcastViewModel.swift */; };
		E8BA8E1D2991EED30043DEE1 /* SimulcastView.swift in Sources */ = {isa = PBXBuildFile; fileRef = E8BA8E1B2991EED30043DEE1 /* SimulcastView.swift */; };
		E8BA8E202991EF3C0043DEE1 /* SettingsView.swift in Sources */ = {isa = PBXBuildFile; fileRef = E8BA8E1E2991EF3C0043DEE1 /* SettingsView.swift */; };
		E8BA8E222991FE400043DEE1 /* StatisticsViewModel.swift in Sources */ = {isa = PBXBuildFile; fileRef = E8BA8E212991FE400043DEE1 /* StatisticsViewModel.swift */; };
		E8BA8E232991FE400043DEE1 /* StatisticsViewModel.swift in Sources */ = {isa = PBXBuildFile; fileRef = E8BA8E212991FE400043DEE1 /* StatisticsViewModel.swift */; };
		E8C47C6D29778BAA0026E877 /* StreamDataManager.swift in Sources */ = {isa = PBXBuildFile; fileRef = E8C47C6C29778BAA0026E877 /* StreamDataManager.swift */; };
		E8C47C6E29778BAA0026E877 /* StreamDataManager.swift in Sources */ = {isa = PBXBuildFile; fileRef = E8C47C6C29778BAA0026E877 /* StreamDataManager.swift */; };
		E8C47C7129778BDB0026E877 /* RTSViewer.xcdatamodeld in Sources */ = {isa = PBXBuildFile; fileRef = E8C47C6F29778BD00026E877 /* RTSViewer.xcdatamodeld */; };
		E8C47C7229778BDB0026E877 /* RTSViewer.xcdatamodeld in Sources */ = {isa = PBXBuildFile; fileRef = E8C47C6F29778BD00026E877 /* RTSViewer.xcdatamodeld */; };
		E8D1947C29717D410080C4E0 /* RecentStreamsScreen.swift in Sources */ = {isa = PBXBuildFile; fileRef = E8D1947A29717D410080C4E0 /* RecentStreamsScreen.swift */; };
		E8D5AE58299068E20019C132 /* StreamDetailInputViewModel.swift in Sources */ = {isa = PBXBuildFile; fileRef = E8D5AE57299068E20019C132 /* StreamDetailInputViewModel.swift */; };
		E8D5AE59299068E20019C132 /* StreamDetailInputViewModel.swift in Sources */ = {isa = PBXBuildFile; fileRef = E8D5AE57299068E20019C132 /* StreamDetailInputViewModel.swift */; };
		E8D5AE5D2990840E0019C132 /* MockRTSDataStore.swift in Sources */ = {isa = PBXBuildFile; fileRef = E8D5AE5A299084050019C132 /* MockRTSDataStore.swift */; };
		E8D5AE5F299088EF0019C132 /* MockSubscriptionManager.swift in Sources */ = {isa = PBXBuildFile; fileRef = E8D5AE5E299088EF0019C132 /* MockSubscriptionManager.swift */; };
		E8D5AE6129908D690019C132 /* RTSComponentKit in Frameworks */ = {isa = PBXBuildFile; productRef = E8D5AE6029908D690019C132 /* RTSComponentKit */; };
		E8D5AE6629908DDB0019C132 /* StreamDetailInputViewModelTests.swift in Sources */ = {isa = PBXBuildFile; fileRef = E8D5AE6529908DDB0019C132 /* StreamDetailInputViewModelTests.swift */; };
		E8F2EE24299324AF00AF0471 /* SimulcastViewModelTests.swift in Sources */ = {isa = PBXBuildFile; fileRef = E8F2EE23299324AF00AF0471 /* SimulcastViewModelTests.swift */; };
		E8F2EE262993276B00AF0471 /* DisplayStreamViewModelTests.swift in Sources */ = {isa = PBXBuildFile; fileRef = E8F2EE252993276B00AF0471 /* DisplayStreamViewModelTests.swift */; };
		E8F2EE2829932A9100AF0471 /* MockPersistentSettings.swift in Sources */ = {isa = PBXBuildFile; fileRef = E8F2EE2729932A9100AF0471 /* MockPersistentSettings.swift */; };
		E8F2EE2A29932C4900AF0471 /* MockNetworkMonitor.swift in Sources */ = {isa = PBXBuildFile; fileRef = E8F2EE2929932C4900AF0471 /* MockNetworkMonitor.swift */; };
		E8FE0671299B1FED00ECCB75 /* StreamDetailInputScreen.swift in Sources */ = {isa = PBXBuildFile; fileRef = E8FE0670299B1FED00ECCB75 /* StreamDetailInputScreen.swift */; };
/* End PBXBuildFile section */

/* Begin PBXContainerItemProxy section */
		E8752B63298CA4C4002D5C2B /* PBXContainerItemProxy */ = {
			isa = PBXContainerItemProxy;
			containerPortal = 3FE90C1026B2AF4200B206A3 /* Project object */;
			proxyType = 1;
			remoteGlobalIDString = 631DD25026F1E18E0023D24A;
			remoteInfo = "RTSViewer TVOS";
		};
/* End PBXContainerItemProxy section */

/* Begin PBXCopyFilesBuildPhase section */
		E8B48E7F2978DEA7000DC59A /* Embed Frameworks */ = {
			isa = PBXCopyFilesBuildPhase;
			buildActionMask = 2147483647;
			dstPath = "";
			dstSubfolderSpec = 10;
			files = (
			);
			name = "Embed Frameworks";
			runOnlyForDeploymentPostprocessing = 0;
		};
		E8B48E822978DEB2000DC59A /* Embed Frameworks */ = {
			isa = PBXCopyFilesBuildPhase;
			buildActionMask = 2147483647;
			dstPath = "";
			dstSubfolderSpec = 10;
			files = (
			);
			name = "Embed Frameworks";
			runOnlyForDeploymentPostprocessing = 0;
		};
		E8D5AE6229908D690019C132 /* Embed Frameworks */ = {
			isa = PBXCopyFilesBuildPhase;
			buildActionMask = 2147483647;
			dstPath = "";
			dstSubfolderSpec = 10;
			files = (
			);
			name = "Embed Frameworks";
			runOnlyForDeploymentPostprocessing = 0;
		};
/* End PBXCopyFilesBuildPhase section */

/* Begin PBXFileReference section */
		3FA8DB9527045DE7009713E8 /* Info.plist */ = {isa = PBXFileReference; fileEncoding = 4; lastKnownFileType = text.plist.xml; path = Info.plist; sourceTree = "<group>"; };
		3FA8DB9827046061009713E8 /* Info.plist */ = {isa = PBXFileReference; fileEncoding = 4; lastKnownFileType = text.plist.xml; path = Info.plist; sourceTree = "<group>"; };
		3FA8DBA82704AECD009713E8 /* README.md */ = {isa = PBXFileReference; fileEncoding = 4; lastKnownFileType = net.daringfireball.markdown; path = README.md; sourceTree = SOURCE_ROOT; };
		3FE90C1826B2AF4200B206A3 /* RTSViewer iOS.app */ = {isa = PBXFileReference; explicitFileType = wrapper.application; includeInIndex = 0; path = "RTSViewer iOS.app"; sourceTree = BUILT_PRODUCTS_DIR; };
		3FE90C1B26B2AF4200B206A3 /* RTSViewer.swift */ = {isa = PBXFileReference; lastKnownFileType = sourcecode.swift; path = RTSViewer.swift; sourceTree = "<group>"; };
		3FE90C1D26B2AF4200B206A3 /* ContentView.swift */ = {isa = PBXFileReference; lastKnownFileType = sourcecode.swift; path = ContentView.swift; sourceTree = "<group>"; };
		3FE90C1F26B2AF4300B206A3 /* Assets.xcassets */ = {isa = PBXFileReference; lastKnownFileType = folder.assetcatalog; path = Assets.xcassets; sourceTree = "<group>"; };
		3FE90C2226B2AF4300B206A3 /* Preview Assets.xcassets */ = {isa = PBXFileReference; lastKnownFileType = folder.assetcatalog; path = "Preview Assets.xcassets"; sourceTree = "<group>"; };
		631DD26926F1E18E0023D24A /* RTSViewer TVOS.app */ = {isa = PBXFileReference; explicitFileType = wrapper.application; includeInIndex = 0; path = "RTSViewer TVOS.app"; sourceTree = BUILT_PRODUCTS_DIR; };
		637644B92726F08300519FDD /* Assets.xcassets */ = {isa = PBXFileReference; lastKnownFileType = folder.assetcatalog; path = Assets.xcassets; sourceTree = "<group>"; };
		6D29393A2988C844004EF087 /* AnyGestureRecognizer.swift */ = {isa = PBXFileReference; lastKnownFileType = sourcecode.swift; path = AnyGestureRecognizer.swift; sourceTree = "<group>"; };
		6D61A9DA2999E3A1004CAF9E /* StreamToolbarViewModel.swift */ = {isa = PBXFileReference; lastKnownFileType = sourcecode.swift; path = StreamToolbarViewModel.swift; sourceTree = "<group>"; };
		6D61A9E1299AECE6004CAF9E /* StreamingToolbarView.swift */ = {isa = PBXFileReference; lastKnownFileType = sourcecode.swift; path = StreamingToolbarView.swift; sourceTree = "<group>"; };
		6D61A9E5299AFFE2004CAF9E /* StreamingToolbarView.swift */ = {isa = PBXFileReference; lastKnownFileType = sourcecode.swift; path = StreamingToolbarView.swift; sourceTree = "<group>"; };
		6D61A9E7299B1A4D004CAF9E /* SettingsView.swift */ = {isa = PBXFileReference; lastKnownFileType = sourcecode.swift; path = SettingsView.swift; sourceTree = "<group>"; };
		6D61A9E9299B30B3004CAF9E /* SimulcastView.swift */ = {isa = PBXFileReference; lastKnownFileType = sourcecode.swift; path = SimulcastView.swift; sourceTree = "<group>"; };
		6D61A9F3299DAF01004CAF9E /* StreamingScreen.swift */ = {isa = PBXFileReference; lastKnownFileType = sourcecode.swift; path = StreamingScreen.swift; sourceTree = "<group>"; };
		6D61A9FA299DBC30004CAF9E /* StreamConnectionView.swift */ = {isa = PBXFileReference; lastKnownFileType = sourcecode.swift; path = StreamConnectionView.swift; sourceTree = "<group>"; };
		6D6382B72977BCAE00DF4DA7 /* StatisticsView.swift */ = {isa = PBXFileReference; lastKnownFileType = sourcecode.swift; path = StatisticsView.swift; sourceTree = "<group>"; };
		B696B5312987790B00831FFF /* PersistentSettings.swift */ = {isa = PBXFileReference; lastKnownFileType = sourcecode.swift; path = PersistentSettings.swift; sourceTree = "<group>"; };
		E81D7C74296FAEE400856B89 /* IDETemplateMacros.plist */ = {isa = PBXFileReference; lastKnownFileType = text.plist; name = IDETemplateMacros.plist; path = RTSViewer.xcworkspace/xcshareddata/IDETemplateMacros.plist; sourceTree = SOURCE_ROOT; };
		E8224312299B00E400F9BB15 /* ContentView.swift */ = {isa = PBXFileReference; fileEncoding = 4; lastKnownFileType = sourcecode.swift; path = ContentView.swift; sourceTree = "<group>"; };
		E8224319299B057C00F9BB15 /* SplashScreen.swift */ = {isa = PBXFileReference; fileEncoding = 4; lastKnownFileType = sourcecode.swift; path = SplashScreen.swift; sourceTree = "<group>"; };
		E822431B299B073100F9BB15 /* Launch Screen.storyboard */ = {isa = PBXFileReference; lastKnownFileType = file.storyboard; path = "Launch Screen.storyboard"; sourceTree = "<group>"; };
		E82A0C1A296D0F04007214B8 /* StreamDetailInputScreen.swift */ = {isa = PBXFileReference; fileEncoding = 4; lastKnownFileType = sourcecode.swift; path = StreamDetailInputScreen.swift; sourceTree = "<group>"; };
		E82A0C1C296D0F04007214B8 /* Localizable.strings */ = {isa = PBXFileReference; fileEncoding = 4; lastKnownFileType = text.plist.strings; path = Localizable.strings; sourceTree = "<group>"; };
		E82FC5052977CF3B0050777F /* Task+Deplayed.swift */ = {isa = PBXFileReference; lastKnownFileType = sourcecode.swift; path = "Task+Deplayed.swift"; sourceTree = "<group>"; };
		E844ABEB296DA5B20067B78C /* StreamingScreen.swift */ = {isa = PBXFileReference; lastKnownFileType = sourcecode.swift; path = StreamingScreen.swift; sourceTree = "<group>"; };
		E861E326299EFD0C00AEB3B5 /* Localizable.strings */ = {isa = PBXFileReference; fileEncoding = 4; lastKnownFileType = text.plist.strings; path = Localizable.strings; sourceTree = "<group>"; };
		E8649BEE295284F400309BF7 /* iOSDebugSettings.xcconfig */ = {isa = PBXFileReference; lastKnownFileType = text.xcconfig; path = iOSDebugSettings.xcconfig; sourceTree = "<group>"; };
		E8649BEF295284F400309BF7 /* iOSReleaseSettings.xcconfig */ = {isa = PBXFileReference; lastKnownFileType = text.xcconfig; path = iOSReleaseSettings.xcconfig; sourceTree = "<group>"; };
		E8649BF0295284F400309BF7 /* TVOSDebugSettings.xcconfig */ = {isa = PBXFileReference; lastKnownFileType = text.xcconfig; path = TVOSDebugSettings.xcconfig; sourceTree = "<group>"; };
		E8649BF1295284F400309BF7 /* TVOSReleaseSettings.xcconfig */ = {isa = PBXFileReference; lastKnownFileType = text.xcconfig; path = TVOSReleaseSettings.xcconfig; sourceTree = "<group>"; };
		E8649BF2295299FB00309BF7 /* fastlane */ = {isa = PBXFileReference; lastKnownFileType = folder; path = fastlane; sourceTree = "<group>"; };
		E8752B49298C72F7002D5C2B /* CoreDataManager.swift */ = {isa = PBXFileReference; lastKnownFileType = sourcecode.swift; path = CoreDataManager.swift; sourceTree = "<group>"; };
		E8752B4D298C75BD002D5C2B /* StreamDetail.swift */ = {isa = PBXFileReference; lastKnownFileType = sourcecode.swift; path = StreamDetail.swift; sourceTree = "<group>"; };
		E8752B50298C7D02002D5C2B /* DateProvider.swift */ = {isa = PBXFileReference; lastKnownFileType = sourcecode.swift; path = DateProvider.swift; sourceTree = "<group>"; };
		E8752B55298C7F9F002D5C2B /* RecentStreamsViewModel.swift */ = {isa = PBXFileReference; lastKnownFileType = sourcecode.swift; path = RecentStreamsViewModel.swift; sourceTree = "<group>"; };
		E8752B58298C9FB6002D5C2B /* RecentStreamButtonViewModel.swift */ = {isa = PBXFileReference; lastKnownFileType = sourcecode.swift; path = RecentStreamButtonViewModel.swift; sourceTree = "<group>"; };
		E8752B5F298CA4C4002D5C2B /* RTSViewerTVOSTests.xctest */ = {isa = PBXFileReference; explicitFileType = wrapper.cfbundle; includeInIndex = 0; path = RTSViewerTVOSTests.xctest; sourceTree = BUILT_PRODUCTS_DIR; };
		E8752B68298CA513002D5C2B /* StreamDataManagerTests.swift */ = {isa = PBXFileReference; lastKnownFileType = sourcecode.swift; path = StreamDataManagerTests.swift; sourceTree = "<group>"; };
		E8752B6C298CA614002D5C2B /* RecentStreamsViewModelTests.swift */ = {isa = PBXFileReference; lastKnownFileType = sourcecode.swift; path = RecentStreamsViewModelTests.swift; sourceTree = "<group>"; };
		E8752B6E298CA622002D5C2B /* RecentStreamButtonViewModelTests.swift */ = {isa = PBXFileReference; lastKnownFileType = sourcecode.swift; path = RecentStreamButtonViewModelTests.swift; sourceTree = "<group>"; };
		E8752B71298CA78D002D5C2B /* MockDateProvider.swift */ = {isa = PBXFileReference; lastKnownFileType = sourcecode.swift; path = MockDateProvider.swift; sourceTree = "<group>"; };
		E8752B73298CB535002D5C2B /* MockStreamDataManager.swift */ = {isa = PBXFileReference; lastKnownFileType = sourcecode.swift; path = MockStreamDataManager.swift; sourceTree = "<group>"; };
		E8B48E84297A2957000DC59A /* RecentStreamButton.swift */ = {isa = PBXFileReference; lastKnownFileType = sourcecode.swift; path = RecentStreamButton.swift; sourceTree = "<group>"; };
		E8BA8E0E2991CB0E0043DEE1 /* DisplayStreamViewModel.swift */ = {isa = PBXFileReference; lastKnownFileType = sourcecode.swift; path = DisplayStreamViewModel.swift; sourceTree = "<group>"; };
		E8BA8E172991E8B30043DEE1 /* SimulcastViewModel.swift */ = {isa = PBXFileReference; lastKnownFileType = sourcecode.swift; path = SimulcastViewModel.swift; sourceTree = "<group>"; };
		E8BA8E1B2991EED30043DEE1 /* SimulcastView.swift */ = {isa = PBXFileReference; lastKnownFileType = sourcecode.swift; path = SimulcastView.swift; sourceTree = "<group>"; };
		E8BA8E1E2991EF3C0043DEE1 /* SettingsView.swift */ = {isa = PBXFileReference; lastKnownFileType = sourcecode.swift; path = SettingsView.swift; sourceTree = "<group>"; };
		E8BA8E212991FE400043DEE1 /* StatisticsViewModel.swift */ = {isa = PBXFileReference; lastKnownFileType = sourcecode.swift; path = StatisticsViewModel.swift; sourceTree = "<group>"; };
		E8C47C6C29778BAA0026E877 /* StreamDataManager.swift */ = {isa = PBXFileReference; fileEncoding = 4; lastKnownFileType = sourcecode.swift; path = StreamDataManager.swift; sourceTree = "<group>"; };
		E8C47C7029778BD00026E877 /* RTSViewer.xcdatamodel */ = {isa = PBXFileReference; lastKnownFileType = wrapper.xcdatamodel; path = RTSViewer.xcdatamodel; sourceTree = "<group>"; };
		E8D1947A29717D410080C4E0 /* RecentStreamsScreen.swift */ = {isa = PBXFileReference; lastKnownFileType = sourcecode.swift; path = RecentStreamsScreen.swift; sourceTree = "<group>"; };
		E8D5AE57299068E20019C132 /* StreamDetailInputViewModel.swift */ = {isa = PBXFileReference; lastKnownFileType = sourcecode.swift; path = StreamDetailInputViewModel.swift; sourceTree = "<group>"; };
		E8D5AE5A299084050019C132 /* MockRTSDataStore.swift */ = {isa = PBXFileReference; lastKnownFileType = sourcecode.swift; path = MockRTSDataStore.swift; sourceTree = "<group>"; };
		E8D5AE5E299088EF0019C132 /* MockSubscriptionManager.swift */ = {isa = PBXFileReference; lastKnownFileType = sourcecode.swift; path = MockSubscriptionManager.swift; sourceTree = "<group>"; };
		E8D5AE6529908DDB0019C132 /* StreamDetailInputViewModelTests.swift */ = {isa = PBXFileReference; lastKnownFileType = sourcecode.swift; path = StreamDetailInputViewModelTests.swift; sourceTree = "<group>"; };
		E8F2EE23299324AF00AF0471 /* SimulcastViewModelTests.swift */ = {isa = PBXFileReference; lastKnownFileType = sourcecode.swift; path = SimulcastViewModelTests.swift; sourceTree = "<group>"; };
		E8F2EE252993276B00AF0471 /* DisplayStreamViewModelTests.swift */ = {isa = PBXFileReference; lastKnownFileType = sourcecode.swift; path = DisplayStreamViewModelTests.swift; sourceTree = "<group>"; };
		E8F2EE2729932A9100AF0471 /* MockPersistentSettings.swift */ = {isa = PBXFileReference; lastKnownFileType = sourcecode.swift; path = MockPersistentSettings.swift; sourceTree = "<group>"; };
		E8F2EE2929932C4900AF0471 /* MockNetworkMonitor.swift */ = {isa = PBXFileReference; lastKnownFileType = sourcecode.swift; path = MockNetworkMonitor.swift; sourceTree = "<group>"; };
		E8FE0670299B1FED00ECCB75 /* StreamDetailInputScreen.swift */ = {isa = PBXFileReference; lastKnownFileType = sourcecode.swift; path = StreamDetailInputScreen.swift; sourceTree = "<group>"; };
/* End PBXFileReference section */

/* Begin PBXFrameworksBuildPhase section */
		3FE90C1526B2AF4200B206A3 /* Frameworks */ = {
			isa = PBXFrameworksBuildPhase;
			buildActionMask = 2147483647;
			files = (
				E82A0C0F296CEA07007214B8 /* DolbyIOUIKit in Frameworks */,
				E8575E9929527B420070F53E /* MillicastSDK in Frameworks */,
				E89B68A52997009400A350F9 /* RTSComponentKit in Frameworks */,
			);
			runOnlyForDeploymentPostprocessing = 0;
		};
		631DD26126F1E18E0023D24A /* Frameworks */ = {
			isa = PBXFrameworksBuildPhase;
			buildActionMask = 2147483647;
			files = (
				E82A0C13296CEA0F007214B8 /* DolbyIOUIKit in Frameworks */,
				E8649BE429527C9F00309BF7 /* MillicastSDK in Frameworks */,
				E82A0C15296CEA12007214B8 /* RTSComponentKit in Frameworks */,
			);
			runOnlyForDeploymentPostprocessing = 0;
		};
		E8752B5C298CA4C4002D5C2B /* Frameworks */ = {
			isa = PBXFrameworksBuildPhase;
			buildActionMask = 2147483647;
			files = (
				E8D5AE6129908D690019C132 /* RTSComponentKit in Frameworks */,
			);
			runOnlyForDeploymentPostprocessing = 0;
		};
/* End PBXFrameworksBuildPhase section */

/* Begin PBXGroup section */
		3FB131DC26B41F2900800DC5 /* Frameworks */ = {
			isa = PBXGroup;
			children = (
			);
			name = Frameworks;
			sourceTree = "<group>";
		};
		3FE90C0F26B2AF4200B206A3 = {
			isa = PBXGroup;
			children = (
				E8649BF2295299FB00309BF7 /* fastlane */,
				E8649BED295284F400309BF7 /* Configuration */,
				3FE90C1A26B2AF4200B206A3 /* RTSViewer */,
				E8752B60298CA4C4002D5C2B /* RTSViewer TVOSTests */,
				3FE90C1926B2AF4200B206A3 /* Products */,
				3FB131DC26B41F2900800DC5 /* Frameworks */,
			);
			sourceTree = "<group>";
		};
		3FE90C1926B2AF4200B206A3 /* Products */ = {
			isa = PBXGroup;
			children = (
				3FE90C1826B2AF4200B206A3 /* RTSViewer iOS.app */,
				631DD26926F1E18E0023D24A /* RTSViewer TVOS.app */,
				E8752B5F298CA4C4002D5C2B /* RTSViewerTVOSTests.xctest */,
			);
			name = Products;
			sourceTree = "<group>";
		};
		3FE90C1A26B2AF4200B206A3 /* RTSViewer */ = {
			isa = PBXGroup;
			children = (
				3FE90C1B26B2AF4200B206A3 /* RTSViewer.swift */,
				E8575F752999A14B001E609C /* Common */,
				E8575F772999A21E001E609C /* iOS */,
				E8575F762999A17C001E609C /* TVOS */,
				E81D7C74296FAEE400856B89 /* IDETemplateMacros.plist */,
				3FE90C2126B2AF4300B206A3 /* Preview Content */,
				3FA8DBA82704AECD009713E8 /* README.md */,
			);
			path = RTSViewer;
			sourceTree = "<group>";
		};
		3FE90C2126B2AF4300B206A3 /* Preview Content */ = {
			isa = PBXGroup;
			children = (
				3FE90C2226B2AF4300B206A3 /* Preview Assets.xcassets */,
			);
			path = "Preview Content";
			sourceTree = "<group>";
		};
		6D61A9DD2999EFFC004CAF9E /* StreamingScreen */ = {
			isa = PBXGroup;
			children = (
				6D61A9E5299AFFE2004CAF9E /* StreamingToolbarView.swift */,
				6D61A9E7299B1A4D004CAF9E /* SettingsView.swift */,
				6D61A9E9299B30B3004CAF9E /* SimulcastView.swift */,
				6D61A9F3299DAF01004CAF9E /* StreamingScreen.swift */,
			);
			path = StreamingScreen;
			sourceTree = "<group>";
		};
		E822430B299AFD1E00F9BB15 /* Resources */ = {
			isa = PBXGroup;
			children = (
				3FE90C1F26B2AF4300B206A3 /* Assets.xcassets */,
				3FA8DB9527045DE7009713E8 /* Info.plist */,
				E822431B299B073100F9BB15 /* Launch Screen.storyboard */,
				E861E326299EFD0C00AEB3B5 /* Localizable.strings */,
			);
			name = Resources;
			sourceTree = "<group>";
		};
		E8224311299B00CE00F9BB15 /* ContentView */ = {
			isa = PBXGroup;
			children = (
				E8224312299B00E400F9BB15 /* ContentView.swift */,
			);
			name = ContentView;
			sourceTree = "<group>";
		};
		E8224315299B050400F9BB15 /* SplashScreen */ = {
			isa = PBXGroup;
			children = (
				E8224319299B057C00F9BB15 /* SplashScreen.swift */,
			);
			path = SplashScreen;
			sourceTree = "<group>";
		};
		E82A0C19296D0F04007214B8 /* StreamDetailInputScreen */ = {
			isa = PBXGroup;
			children = (
				E82A0C1A296D0F04007214B8 /* StreamDetailInputScreen.swift */,
			);
			path = StreamDetailInputScreen;
			sourceTree = "<group>";
		};
		E82FC5042977CF2A0050777F /* Utils */ = {
			isa = PBXGroup;
			children = (
				E82FC5052977CF3B0050777F /* Task+Deplayed.swift */,
				E8752B50298C7D02002D5C2B /* DateProvider.swift */,
			);
			path = Utils;
			sourceTree = "<group>";
		};
		E844ABEA296DA4C60067B78C /* StreamingScreen */ = {
			isa = PBXGroup;
			children = (
				6D29393A2988C844004EF087 /* AnyGestureRecognizer.swift */,
				E8BA8E1E2991EF3C0043DEE1 /* SettingsView.swift */,
				E8BA8E1B2991EED30043DEE1 /* SimulcastView.swift */,
				6D6382B72977BCAE00DF4DA7 /* StatisticsView.swift */,
				E844ABEB296DA5B20067B78C /* StreamingScreen.swift */,
				6D61A9E1299AECE6004CAF9E /* StreamingToolbarView.swift */,
			);
			path = StreamingScreen;
			sourceTree = "<group>";
		};
		E8575F752999A14B001E609C /* Common */ = {
			isa = PBXGroup;
			children = (
				E8C47C6B29778BAA0026E877 /* Persistence */,
				E8F32B542999AA3300DF3D5B /* Recent Streams */,
				E8F32B552999AA5D00DF3D5B /* StreamDetailInputScreen */,
				E8F32B562999AA7B00DF3D5B /* StreamingScreen */,
				E82FC5042977CF2A0050777F /* Utils */,
			);
			path = Common;
			sourceTree = "<group>";
		};
		E8575F762999A17C001E609C /* TVOS */ = {
			isa = PBXGroup;
			children = (
				3FE90C1D26B2AF4200B206A3 /* ContentView.swift */,
				E8D1947929717D050080C4E0 /* RecentStreamsScreen */,
				E861E325299EFCD100AEB3B5 /* Resources */,
				E82A0C19296D0F04007214B8 /* StreamDetailInputScreen */,
				E844ABEA296DA4C60067B78C /* StreamingScreen */,
			);
			path = TVOS;
			sourceTree = "<group>";
		};
		E8575F772999A21E001E609C /* iOS */ = {
			isa = PBXGroup;
			children = (
				E8224311299B00CE00F9BB15 /* ContentView */,
				E822430B299AFD1E00F9BB15 /* Resources */,
				E8224315299B050400F9BB15 /* SplashScreen */,
				E8FE066F299B1FB900ECCB75 /* StreamDetailInputScreen */,
				6D61A9DD2999EFFC004CAF9E /* StreamingScreen */,
			);
			path = iOS;
			sourceTree = "<group>";
		};
		E861E325299EFCD100AEB3B5 /* Resources */ = {
			isa = PBXGroup;
			children = (
				637644B92726F08300519FDD /* Assets.xcassets */,
				3FA8DB9827046061009713E8 /* Info.plist */,
				E82A0C1C296D0F04007214B8 /* Localizable.strings */,
			);
			name = Resources;
			sourceTree = "<group>";
		};
		E8649BED295284F400309BF7 /* Configuration */ = {
			isa = PBXGroup;
			children = (
				E8649BEE295284F400309BF7 /* iOSDebugSettings.xcconfig */,
				E8649BEF295284F400309BF7 /* iOSReleaseSettings.xcconfig */,
				E8649BF0295284F400309BF7 /* TVOSDebugSettings.xcconfig */,
				E8649BF1295284F400309BF7 /* TVOSReleaseSettings.xcconfig */,
			);
			path = Configuration;
			sourceTree = "<group>";
		};
		E8752B4C298C75A4002D5C2B /* Models */ = {
			isa = PBXGroup;
			children = (
				E8752B4D298C75BD002D5C2B /* StreamDetail.swift */,
			);
			path = Models;
			sourceTree = "<group>";
		};
		E8752B54298C7F6E002D5C2B /* ViewModels */ = {
			isa = PBXGroup;
			children = (
				E8752B55298C7F9F002D5C2B /* RecentStreamsViewModel.swift */,
				E8752B58298C9FB6002D5C2B /* RecentStreamButtonViewModel.swift */,
			);
			path = ViewModels;
			sourceTree = "<group>";
		};
		E8752B60298CA4C4002D5C2B /* RTSViewer TVOSTests */ = {
			isa = PBXGroup;
			children = (
				E8F2EE222993249400AF0471 /* DisplayStreamScreen */,
				E8752B70298CA779002D5C2B /* Mocks */,
				E8752B6A298CA596002D5C2B /* Persistence */,
				E8752B6B298CA605002D5C2B /* RecentStreamsScreen */,
				E8D5AE6429908DB20019C132 /* StreamDetailInputScreen */,
			);
			path = "RTSViewer TVOSTests";
			sourceTree = "<group>";
		};
		E8752B6A298CA596002D5C2B /* Persistence */ = {
			isa = PBXGroup;
			children = (
				E8752B68298CA513002D5C2B /* StreamDataManagerTests.swift */,
			);
			path = Persistence;
			sourceTree = "<group>";
		};
		E8752B6B298CA605002D5C2B /* RecentStreamsScreen */ = {
			isa = PBXGroup;
			children = (
				E8752B6C298CA614002D5C2B /* RecentStreamsViewModelTests.swift */,
				E8752B6E298CA622002D5C2B /* RecentStreamButtonViewModelTests.swift */,
			);
			path = RecentStreamsScreen;
			sourceTree = "<group>";
		};
		E8752B70298CA779002D5C2B /* Mocks */ = {
			isa = PBXGroup;
			children = (
				E8752B71298CA78D002D5C2B /* MockDateProvider.swift */,
				E8F2EE2929932C4900AF0471 /* MockNetworkMonitor.swift */,
				E8F2EE2729932A9100AF0471 /* MockPersistentSettings.swift */,
				E8D5AE5A299084050019C132 /* MockRTSDataStore.swift */,
				E8752B73298CB535002D5C2B /* MockStreamDataManager.swift */,
				E8D5AE5E299088EF0019C132 /* MockSubscriptionManager.swift */,
			);
			path = Mocks;
			sourceTree = "<group>";
		};
		E8BA8E0C2991BC4B0043DEE1 /* ViewModels */ = {
			isa = PBXGroup;
			children = (
				E8BA8E0E2991CB0E0043DEE1 /* DisplayStreamViewModel.swift */,
				E8BA8E172991E8B30043DEE1 /* SimulcastViewModel.swift */,
				E8BA8E212991FE400043DEE1 /* StatisticsViewModel.swift */,
				6D61A9DA2999E3A1004CAF9E /* StreamToolbarViewModel.swift */,
			);
			path = ViewModels;
			sourceTree = "<group>";
		};
		E8C47C6B29778BAA0026E877 /* Persistence */ = {
			isa = PBXGroup;
			children = (
				E8752B49298C72F7002D5C2B /* CoreDataManager.swift */,
				B696B5312987790B00831FFF /* PersistentSettings.swift */,
				E8C47C6F29778BD00026E877 /* RTSViewer.xcdatamodeld */,
				E8C47C6C29778BAA0026E877 /* StreamDataManager.swift */,
			);
			path = Persistence;
			sourceTree = "<group>";
		};
		E8D1947929717D050080C4E0 /* RecentStreamsScreen */ = {
			isa = PBXGroup;
			children = (
				E8752B54298C7F6E002D5C2B /* ViewModels */,
				E8D1947A29717D410080C4E0 /* RecentStreamsScreen.swift */,
				E8B48E84297A2957000DC59A /* RecentStreamButton.swift */,
			);
			path = RecentStreamsScreen;
			sourceTree = "<group>";
		};
		E8D5AE56299068A70019C132 /* ViewModels */ = {
			isa = PBXGroup;
			children = (
				E8D5AE57299068E20019C132 /* StreamDetailInputViewModel.swift */,
			);
			path = ViewModels;
			sourceTree = "<group>";
		};
		E8D5AE6429908DB20019C132 /* StreamDetailInputScreen */ = {
			isa = PBXGroup;
			children = (
				E8D5AE6529908DDB0019C132 /* StreamDetailInputViewModelTests.swift */,
			);
			path = StreamDetailInputScreen;
			sourceTree = "<group>";
		};
		E8F2EE222993249400AF0471 /* DisplayStreamScreen */ = {
			isa = PBXGroup;
			children = (
				E8F2EE252993276B00AF0471 /* DisplayStreamViewModelTests.swift */,
				E8F2EE23299324AF00AF0471 /* SimulcastViewModelTests.swift */,
			);
			path = DisplayStreamScreen;
			sourceTree = "<group>";
		};
		E8F32B542999AA3300DF3D5B /* Recent Streams */ = {
			isa = PBXGroup;
			children = (
				E8752B4C298C75A4002D5C2B /* Models */,
			);
			path = "Recent Streams";
			sourceTree = "<group>";
		};
		E8F32B552999AA5D00DF3D5B /* StreamDetailInputScreen */ = {
			isa = PBXGroup;
			children = (
				E8D5AE56299068A70019C132 /* ViewModels */,
			);
			path = StreamDetailInputScreen;
			sourceTree = "<group>";
		};
		E8F32B562999AA7B00DF3D5B /* StreamingScreen */ = {
			isa = PBXGroup;
			children = (
				E8BA8E0C2991BC4B0043DEE1 /* ViewModels */,
				6D61A9FA299DBC30004CAF9E /* StreamConnectionView.swift */,
			);
			path = StreamingScreen;
			sourceTree = "<group>";
		};
		E8FE066F299B1FB900ECCB75 /* StreamDetailInputScreen */ = {
			isa = PBXGroup;
			children = (
				E8FE0670299B1FED00ECCB75 /* StreamDetailInputScreen.swift */,
			);
			path = StreamDetailInputScreen;
			sourceTree = "<group>";
		};
/* End PBXGroup section */

/* Begin PBXNativeTarget section */
		3FE90C1726B2AF4200B206A3 /* RTSViewer iOS */ = {
			isa = PBXNativeTarget;
			buildConfigurationList = 3FE90C3D26B2AF4400B206A3 /* Build configuration list for PBXNativeTarget "RTSViewer iOS" */;
			buildPhases = (
				E81D7C79296FBD7400856B89 /* Linting */,
				3FE90C1426B2AF4200B206A3 /* Sources */,
				3FE90C1526B2AF4200B206A3 /* Frameworks */,
				3FE90C1626B2AF4200B206A3 /* Resources */,
				E8B48E822978DEB2000DC59A /* Embed Frameworks */,
			);
			buildRules = (
			);
			dependencies = (
			);
			name = "RTSViewer iOS";
			packageProductDependencies = (
				E82A0C0E296CEA07007214B8 /* DolbyIOUIKit */,
				E89B68A42997009400A350F9 /* RTSComponentKit */,
			);
			productName = "Millicast SDK Sample App in Swift";
			productReference = 3FE90C1826B2AF4200B206A3 /* RTSViewer iOS.app */;
			productType = "com.apple.product-type.application";
		};
		631DD25026F1E18E0023D24A /* RTSViewer TVOS */ = {
			isa = PBXNativeTarget;
			buildConfigurationList = 631DD26626F1E18E0023D24A /* Build configuration list for PBXNativeTarget "RTSViewer TVOS" */;
			buildPhases = (
				E81D7C78296FB58000856B89 /* Linting */,
				631DD25126F1E18E0023D24A /* Sources */,
				631DD26126F1E18E0023D24A /* Frameworks */,
				631DD26226F1E18E0023D24A /* Resources */,
				E8B48E7F2978DEA7000DC59A /* Embed Frameworks */,
			);
			buildRules = (
			);
			dependencies = (
			);
			name = "RTSViewer TVOS";
			packageProductDependencies = (
				E8575E9829527B420070F53E /* MillicastSDK */,
				E82A0C12296CEA0F007214B8 /* DolbyIOUIKit */,
				E82A0C14296CEA12007214B8 /* RTSComponentKit */,
			);
			productName = "Millicast SDK Sample App in Swift";
			productReference = 631DD26926F1E18E0023D24A /* RTSViewer TVOS.app */;
			productType = "com.apple.product-type.application";
		};
		E8752B5E298CA4C4002D5C2B /* RTSViewerTVOSTests */ = {
			isa = PBXNativeTarget;
			buildConfigurationList = E8752B67298CA4C4002D5C2B /* Build configuration list for PBXNativeTarget "RTSViewerTVOSTests" */;
			buildPhases = (
				E8752B5B298CA4C4002D5C2B /* Sources */,
				E8752B5C298CA4C4002D5C2B /* Frameworks */,
				E8752B5D298CA4C4002D5C2B /* Resources */,
				E8D5AE6229908D690019C132 /* Embed Frameworks */,
			);
			buildRules = (
			);
			dependencies = (
				E8752B64298CA4C4002D5C2B /* PBXTargetDependency */,
			);
			name = RTSViewerTVOSTests;
			packageProductDependencies = (
				E8D5AE6029908D690019C132 /* RTSComponentKit */,
			);
			productName = "RTSViewer TVOSTests";
			productReference = E8752B5F298CA4C4002D5C2B /* RTSViewerTVOSTests.xctest */;
			productType = "com.apple.product-type.bundle.unit-test";
		};
/* End PBXNativeTarget section */

/* Begin PBXProject section */
		3FE90C1026B2AF4200B206A3 /* Project object */ = {
			isa = PBXProject;
			attributes = {
				LastSwiftUpdateCheck = 1420;
				LastUpgradeCheck = 1420;
				TargetAttributes = {
					3FE90C1726B2AF4200B206A3 = {
						CreatedOnToolsVersion = 12.5.1;
						LastSwiftMigration = 1250;
					};
					E8752B5E298CA4C4002D5C2B = {
						CreatedOnToolsVersion = 14.2;
						LastSwiftMigration = 1420;
						TestTargetID = 631DD25026F1E18E0023D24A;
					};
				};
			};
			buildConfigurationList = 3FE90C1326B2AF4200B206A3 /* Build configuration list for PBXProject "RTSViewer" */;
			compatibilityVersion = "Xcode 9.3";
			developmentRegion = en;
			hasScannedForEncodings = 0;
			knownRegions = (
				en,
				Base,
			);
			mainGroup = 3FE90C0F26B2AF4200B206A3;
			packageReferences = (
				E8575E9729527B420070F53E /* XCRemoteSwiftPackageReference "millicast-sdk-swift-package" */,
			);
			productRefGroup = 3FE90C1926B2AF4200B206A3 /* Products */;
			projectDirPath = "";
			projectRoot = "";
			targets = (
				3FE90C1726B2AF4200B206A3 /* RTSViewer iOS */,
				631DD25026F1E18E0023D24A /* RTSViewer TVOS */,
				E8752B5E298CA4C4002D5C2B /* RTSViewerTVOSTests */,
			);
		};
/* End PBXProject section */

/* Begin PBXResourcesBuildPhase section */
		3FE90C1626B2AF4200B206A3 /* Resources */ = {
			isa = PBXResourcesBuildPhase;
			buildActionMask = 2147483647;
			files = (
				E861E327299EFD0C00AEB3B5 /* Localizable.strings in Resources */,
				3FE90C2326B2AF4300B206A3 /* Preview Assets.xcassets in Resources */,
				3FA8DBA92704AECD009713E8 /* README.md in Resources */,
				E822431C299B073100F9BB15 /* Launch Screen.storyboard in Resources */,
				3FE90C2026B2AF4300B206A3 /* Assets.xcassets in Resources */,
			);
			runOnlyForDeploymentPostprocessing = 0;
		};
		631DD26226F1E18E0023D24A /* Resources */ = {
			isa = PBXResourcesBuildPhase;
			buildActionMask = 2147483647;
			files = (
				631DD26326F1E18E0023D24A /* Preview Assets.xcassets in Resources */,
				3FA8DBAA2704AECD009713E8 /* README.md in Resources */,
				E82A0C20296D0F04007214B8 /* Localizable.strings in Resources */,
				637644BA2726F08300519FDD /* Assets.xcassets in Resources */,
			);
			runOnlyForDeploymentPostprocessing = 0;
		};
		E8752B5D298CA4C4002D5C2B /* Resources */ = {
			isa = PBXResourcesBuildPhase;
			buildActionMask = 2147483647;
			files = (
			);
			runOnlyForDeploymentPostprocessing = 0;
		};
/* End PBXResourcesBuildPhase section */

/* Begin PBXShellScriptBuildPhase section */
		E81D7C78296FB58000856B89 /* Linting */ = {
			isa = PBXShellScriptBuildPhase;
			alwaysOutOfDate = 1;
			buildActionMask = 2147483647;
			files = (
			);
			inputFileListPaths = (
			);
			inputPaths = (
			);
			name = Linting;
			outputFileListPaths = (
			);
			outputPaths = (
			);
			runOnlyForDeploymentPostprocessing = 0;
			shellPath = /bin/sh;
			shellScript = "export PATH=\"$PATH:/opt/homebrew/bin\"\nif which swiftlint >/dev/null; then\n  swiftlint --fix && swiftlint\nelse\n  echo \"warning: SwiftLint not installed, download from https://github.com/realm/SwiftLint\"\nfi\n";
		};
		E81D7C79296FBD7400856B89 /* Linting */ = {
			isa = PBXShellScriptBuildPhase;
			alwaysOutOfDate = 1;
			buildActionMask = 2147483647;
			files = (
			);
			inputFileListPaths = (
			);
			inputPaths = (
			);
			name = Linting;
			outputFileListPaths = (
			);
			outputPaths = (
			);
			runOnlyForDeploymentPostprocessing = 0;
			shellPath = /bin/sh;
			shellScript = "export PATH=\"$PATH:/opt/homebrew/bin\"\nif which swiftlint >/dev/null; then\n  swiftlint --fix && swiftlint\nelse\n  echo \"warning: SwiftLint not installed, download from https://github.com/realm/SwiftLint\"\nfi\n";
		};
/* End PBXShellScriptBuildPhase section */

/* Begin PBXSourcesBuildPhase section */
		3FE90C1426B2AF4200B206A3 /* Sources */ = {
			isa = PBXSourcesBuildPhase;
			buildActionMask = 2147483647;
			files = (
				6D61A9FB299DBC30004CAF9E /* StreamConnectionView.swift in Sources */,
				E822431A299B057C00F9BB15 /* SplashScreen.swift in Sources */,
				E8D5AE58299068E20019C132 /* StreamDetailInputViewModel.swift in Sources */,
				E8224313299B00E400F9BB15 /* ContentView.swift in Sources */,
				E8752B51298C7D02002D5C2B /* DateProvider.swift in Sources */,
				6D61A9F4299DAF01004CAF9E /* StreamingScreen.swift in Sources */,
				6D61A9E6299AFFE2004CAF9E /* StreamingToolbarView.swift in Sources */,
				6D6382B82977BCAE00DF4DA7 /* StatisticsView.swift in Sources */,
				6D61A9DB2999E3A1004CAF9E /* StreamToolbarViewModel.swift in Sources */,
				E8BA8E0F2991CB0E0043DEE1 /* DisplayStreamViewModel.swift in Sources */,
				6D29393B2988C844004EF087 /* AnyGestureRecognizer.swift in Sources */,
				6D61A9EA299B30B3004CAF9E /* SimulcastView.swift in Sources */,
				E8752B4A298C72F7002D5C2B /* CoreDataManager.swift in Sources */,
				E82FC5062977CF3B0050777F /* Task+Deplayed.swift in Sources */,
				E8BA8E222991FE400043DEE1 /* StatisticsViewModel.swift in Sources */,
				E8C47C6D29778BAA0026E877 /* StreamDataManager.swift in Sources */,
				6D61A9FF299DD09B004CAF9E /* SettingsView.swift in Sources */,
				E8752B4E298C75BD002D5C2B /* StreamDetail.swift in Sources */,
				3FE90C1C26B2AF4200B206A3 /* RTSViewer.swift in Sources */,
				E8FE0671299B1FED00ECCB75 /* StreamDetailInputScreen.swift in Sources */,
				E8BA8E182991E8B30043DEE1 /* SimulcastViewModel.swift in Sources */,
				E8C47C7129778BDB0026E877 /* RTSViewer.xcdatamodeld in Sources */,
				B696B5322987790B00831FFF /* PersistentSettings.swift in Sources */,
			);
			runOnlyForDeploymentPostprocessing = 0;
		};
		631DD25126F1E18E0023D24A /* Sources */ = {
			isa = PBXSourcesBuildPhase;
			buildActionMask = 2147483647;
			files = (
				E8D5AE59299068E20019C132 /* StreamDetailInputViewModel.swift in Sources */,
				E8BA8E202991EF3C0043DEE1 /* SettingsView.swift in Sources */,
				6D61A9FC299DBC30004CAF9E /* StreamConnectionView.swift in Sources */,
				E8B48E86297A2957000DC59A /* RecentStreamButton.swift in Sources */,
				E8752B52298C7D02002D5C2B /* DateProvider.swift in Sources */,
				E8D1947C29717D410080C4E0 /* RecentStreamsScreen.swift in Sources */,
				E8BA8E1D2991EED30043DEE1 /* SimulcastView.swift in Sources */,
				6D61A9E3299AEE67004CAF9E /* StreamingToolbarView.swift in Sources */,
				E8752B57298C7F9F002D5C2B /* RecentStreamsViewModel.swift in Sources */,
				6D6382B92977BCAE00DF4DA7 /* StatisticsView.swift in Sources */,
				E844ABED296DA5B20067B78C /* StreamingScreen.swift in Sources */,
				6D61A9DC2999E3A1004CAF9E /* StreamToolbarViewModel.swift in Sources */,
				E8BA8E102991CB0E0043DEE1 /* DisplayStreamViewModel.swift in Sources */,
				6D29393C2988C844004EF087 /* AnyGestureRecognizer.swift in Sources */,
				631DD25826F1E18E0023D24A /* ContentView.swift in Sources */,
				E82A0C1E296D0F04007214B8 /* StreamDetailInputScreen.swift in Sources */,
				E8752B4B298C72F7002D5C2B /* CoreDataManager.swift in Sources */,
				E82FC5072977CF3E0050777F /* Task+Deplayed.swift in Sources */,
				E8BA8E232991FE400043DEE1 /* StatisticsViewModel.swift in Sources */,
				E8C47C6E29778BAA0026E877 /* StreamDataManager.swift in Sources */,
				E8752B4F298C75BD002D5C2B /* StreamDetail.swift in Sources */,
				631DD25926F1E18E0023D24A /* RTSViewer.swift in Sources */,
				E8BA8E192991E8B30043DEE1 /* SimulcastViewModel.swift in Sources */,
				E8C47C7229778BDB0026E877 /* RTSViewer.xcdatamodeld in Sources */,
				E8752B5A298C9FB6002D5C2B /* RecentStreamButtonViewModel.swift in Sources */,
				B696B5332987790B00831FFF /* PersistentSettings.swift in Sources */,
			);
			runOnlyForDeploymentPostprocessing = 0;
		};
		E8752B5B298CA4C4002D5C2B /* Sources */ = {
			isa = PBXSourcesBuildPhase;
			buildActionMask = 2147483647;
			files = (
				E8752B72298CA78D002D5C2B /* MockDateProvider.swift in Sources */,
				E8F2EE24299324AF00AF0471 /* SimulcastViewModelTests.swift in Sources */,
				E8D5AE5D2990840E0019C132 /* MockRTSDataStore.swift in Sources */,
				E8752B74298CB535002D5C2B /* MockStreamDataManager.swift in Sources */,
				E8752B6F298CA622002D5C2B /* RecentStreamButtonViewModelTests.swift in Sources */,
				E8752B69298CA513002D5C2B /* StreamDataManagerTests.swift in Sources */,
				E8752B6D298CA614002D5C2B /* RecentStreamsViewModelTests.swift in Sources */,
				E8F2EE2A29932C4900AF0471 /* MockNetworkMonitor.swift in Sources */,
				E8F2EE2829932A9100AF0471 /* MockPersistentSettings.swift in Sources */,
				E8D5AE6629908DDB0019C132 /* StreamDetailInputViewModelTests.swift in Sources */,
				E8D5AE5F299088EF0019C132 /* MockSubscriptionManager.swift in Sources */,
				E8F2EE262993276B00AF0471 /* DisplayStreamViewModelTests.swift in Sources */,
			);
			runOnlyForDeploymentPostprocessing = 0;
		};
/* End PBXSourcesBuildPhase section */

/* Begin PBXTargetDependency section */
		E8752B64298CA4C4002D5C2B /* PBXTargetDependency */ = {
			isa = PBXTargetDependency;
			target = 631DD25026F1E18E0023D24A /* RTSViewer TVOS */;
			targetProxy = E8752B63298CA4C4002D5C2B /* PBXContainerItemProxy */;
		};
/* End PBXTargetDependency section */

/* Begin XCBuildConfiguration section */
		3FE90C3B26B2AF4400B206A3 /* Debug */ = {
			isa = XCBuildConfiguration;
			buildSettings = {
				ALWAYS_SEARCH_USER_PATHS = NO;
				CLANG_ANALYZER_NONNULL = YES;
				CLANG_ANALYZER_NUMBER_OBJECT_CONVERSION = YES_AGGRESSIVE;
				CLANG_CXX_LANGUAGE_STANDARD = "gnu++14";
				CLANG_CXX_LIBRARY = "libc++";
				CLANG_ENABLE_MODULES = YES;
				CLANG_ENABLE_OBJC_ARC = YES;
				CLANG_ENABLE_OBJC_WEAK = YES;
				CLANG_WARN_BLOCK_CAPTURE_AUTORELEASING = YES;
				CLANG_WARN_BOOL_CONVERSION = YES;
				CLANG_WARN_COMMA = YES;
				CLANG_WARN_CONSTANT_CONVERSION = YES;
				CLANG_WARN_DEPRECATED_OBJC_IMPLEMENTATIONS = YES;
				CLANG_WARN_DIRECT_OBJC_ISA_USAGE = YES_ERROR;
				CLANG_WARN_DOCUMENTATION_COMMENTS = YES;
				CLANG_WARN_EMPTY_BODY = YES;
				CLANG_WARN_ENUM_CONVERSION = YES;
				CLANG_WARN_INFINITE_RECURSION = YES;
				CLANG_WARN_INT_CONVERSION = YES;
				CLANG_WARN_NON_LITERAL_NULL_CONVERSION = YES;
				CLANG_WARN_OBJC_IMPLICIT_RETAIN_SELF = YES;
				CLANG_WARN_OBJC_LITERAL_CONVERSION = YES;
				CLANG_WARN_OBJC_ROOT_CLASS = YES_ERROR;
				CLANG_WARN_QUOTED_INCLUDE_IN_FRAMEWORK_HEADER = YES;
				CLANG_WARN_RANGE_LOOP_ANALYSIS = YES;
				CLANG_WARN_STRICT_PROTOTYPES = YES;
				CLANG_WARN_SUSPICIOUS_MOVE = YES;
				CLANG_WARN_UNGUARDED_AVAILABILITY = YES_AGGRESSIVE;
				CLANG_WARN_UNREACHABLE_CODE = YES;
				CLANG_WARN__DUPLICATE_METHOD_MATCH = YES;
				COPY_PHASE_STRIP = NO;
				DEBUG_INFORMATION_FORMAT = dwarf;
				ENABLE_BITCODE = NO;
				ENABLE_STRICT_OBJC_MSGSEND = YES;
				ENABLE_TESTABILITY = YES;
				GCC_C_LANGUAGE_STANDARD = gnu11;
				GCC_DYNAMIC_NO_PIC = NO;
				GCC_NO_COMMON_BLOCKS = YES;
				GCC_OPTIMIZATION_LEVEL = 0;
				GCC_PREPROCESSOR_DEFINITIONS = (
					"DEBUG=1",
					"$(inherited)",
				);
				GCC_WARN_64_TO_32_BIT_CONVERSION = YES;
				GCC_WARN_ABOUT_RETURN_TYPE = YES_ERROR;
				GCC_WARN_UNDECLARED_SELECTOR = YES;
				GCC_WARN_UNINITIALIZED_AUTOS = YES_AGGRESSIVE;
				GCC_WARN_UNUSED_FUNCTION = YES;
				GCC_WARN_UNUSED_VARIABLE = YES;
				IPHONEOS_DEPLOYMENT_TARGET = 15.0;
				MARKETING_VERSION = 1.0;
				MTL_ENABLE_DEBUG_INFO = INCLUDE_SOURCE;
				MTL_FAST_MATH = YES;
				ONLY_ACTIVE_ARCH = YES;
				SDKROOT = iphoneos;
				SWIFT_ACTIVE_COMPILATION_CONDITIONS = DEBUG;
				SWIFT_OPTIMIZATION_LEVEL = "-Onone";
				TVOS_DEPLOYMENT_TARGET = 15.0;
				VALIDATE_WORKSPACE = YES;
			};
			name = Debug;
		};
		3FE90C3C26B2AF4400B206A3 /* Release */ = {
			isa = XCBuildConfiguration;
			buildSettings = {
				ALWAYS_SEARCH_USER_PATHS = NO;
				CLANG_ANALYZER_NONNULL = YES;
				CLANG_ANALYZER_NUMBER_OBJECT_CONVERSION = YES_AGGRESSIVE;
				CLANG_CXX_LANGUAGE_STANDARD = "gnu++14";
				CLANG_CXX_LIBRARY = "libc++";
				CLANG_ENABLE_MODULES = YES;
				CLANG_ENABLE_OBJC_ARC = YES;
				CLANG_ENABLE_OBJC_WEAK = YES;
				CLANG_WARN_BLOCK_CAPTURE_AUTORELEASING = YES;
				CLANG_WARN_BOOL_CONVERSION = YES;
				CLANG_WARN_COMMA = YES;
				CLANG_WARN_CONSTANT_CONVERSION = YES;
				CLANG_WARN_DEPRECATED_OBJC_IMPLEMENTATIONS = YES;
				CLANG_WARN_DIRECT_OBJC_ISA_USAGE = YES_ERROR;
				CLANG_WARN_DOCUMENTATION_COMMENTS = YES;
				CLANG_WARN_EMPTY_BODY = YES;
				CLANG_WARN_ENUM_CONVERSION = YES;
				CLANG_WARN_INFINITE_RECURSION = YES;
				CLANG_WARN_INT_CONVERSION = YES;
				CLANG_WARN_NON_LITERAL_NULL_CONVERSION = YES;
				CLANG_WARN_OBJC_IMPLICIT_RETAIN_SELF = YES;
				CLANG_WARN_OBJC_LITERAL_CONVERSION = YES;
				CLANG_WARN_OBJC_ROOT_CLASS = YES_ERROR;
				CLANG_WARN_QUOTED_INCLUDE_IN_FRAMEWORK_HEADER = YES;
				CLANG_WARN_RANGE_LOOP_ANALYSIS = YES;
				CLANG_WARN_STRICT_PROTOTYPES = YES;
				CLANG_WARN_SUSPICIOUS_MOVE = YES;
				CLANG_WARN_UNGUARDED_AVAILABILITY = YES_AGGRESSIVE;
				CLANG_WARN_UNREACHABLE_CODE = YES;
				CLANG_WARN__DUPLICATE_METHOD_MATCH = YES;
				COPY_PHASE_STRIP = NO;
				DEBUG_INFORMATION_FORMAT = "dwarf-with-dsym";
				ENABLE_BITCODE = NO;
				ENABLE_NS_ASSERTIONS = NO;
				ENABLE_STRICT_OBJC_MSGSEND = YES;
				GCC_C_LANGUAGE_STANDARD = gnu11;
				GCC_NO_COMMON_BLOCKS = YES;
				GCC_WARN_64_TO_32_BIT_CONVERSION = YES;
				GCC_WARN_ABOUT_RETURN_TYPE = YES_ERROR;
				GCC_WARN_UNDECLARED_SELECTOR = YES;
				GCC_WARN_UNINITIALIZED_AUTOS = YES_AGGRESSIVE;
				GCC_WARN_UNUSED_FUNCTION = YES;
				GCC_WARN_UNUSED_VARIABLE = YES;
				IPHONEOS_DEPLOYMENT_TARGET = 15.0;
				MARKETING_VERSION = 1.0;
				MTL_ENABLE_DEBUG_INFO = NO;
				MTL_FAST_MATH = YES;
				SDKROOT = iphoneos;
				SWIFT_COMPILATION_MODE = wholemodule;
				SWIFT_OPTIMIZATION_LEVEL = "-O";
				TVOS_DEPLOYMENT_TARGET = 15.0;
				VALIDATE_PRODUCT = YES;
				VALIDATE_WORKSPACE = YES;
			};
			name = Release;
		};
		3FE90C3E26B2AF4400B206A3 /* Debug */ = {
			isa = XCBuildConfiguration;
			baseConfigurationReference = E8649BEE295284F400309BF7 /* iOSDebugSettings.xcconfig */;
			buildSettings = {
				ASSETCATALOG_COMPILER_APPICON_NAME = AppIcon;
				ASSETCATALOG_COMPILER_GLOBAL_ACCENT_COLOR_NAME = AccentColor;
				BUILD_LIBRARY_FOR_DISTRIBUTION = NO;
				CLANG_ENABLE_MODULES = YES;
				CURRENT_PROJECT_VERSION = 1;
				DEVELOPMENT_ASSET_PATHS = "\"RTSViewer/Preview Content\"";
				ENABLE_BITCODE = NO;
				ENABLE_PREVIEWS = YES;
				FRAMEWORK_SEARCH_PATHS = "$(inherited)";
				INFOPLIST_FILE = RTSViewer/iOS/Info.plist;
				IPHONEOS_DEPLOYMENT_TARGET = 15.0;
				LD_RUNPATH_SEARCH_PATHS = (
					"$(inherited)",
					"@executable_path/Frameworks",
				);
				PRODUCT_NAME = "$(TARGET_NAME)";
				SWIFT_OBJC_BRIDGING_HEADER = "";
				SWIFT_OPTIMIZATION_LEVEL = "-Onone";
				SWIFT_VERSION = 5.0;
				TARGETED_DEVICE_FAMILY = "1,2";
				VALIDATE_WORKSPACE = YES;
				VERSIONING_SYSTEM = "apple-generic";
			};
			name = Debug;
		};
		3FE90C3F26B2AF4400B206A3 /* Release */ = {
			isa = XCBuildConfiguration;
			baseConfigurationReference = E8649BEF295284F400309BF7 /* iOSReleaseSettings.xcconfig */;
			buildSettings = {
				ASSETCATALOG_COMPILER_APPICON_NAME = AppIcon;
				ASSETCATALOG_COMPILER_GLOBAL_ACCENT_COLOR_NAME = AccentColor;
				BUILD_LIBRARY_FOR_DISTRIBUTION = NO;
				CLANG_ENABLE_MODULES = YES;
				CURRENT_PROJECT_VERSION = 1;
				DEVELOPMENT_ASSET_PATHS = "\"RTSViewer/Preview Content\"";
				ENABLE_BITCODE = NO;
				ENABLE_PREVIEWS = YES;
				FRAMEWORK_SEARCH_PATHS = "$(inherited)";
				INFOPLIST_FILE = RTSViewer/iOS/Info.plist;
				IPHONEOS_DEPLOYMENT_TARGET = 15.0;
				LD_RUNPATH_SEARCH_PATHS = (
					"$(inherited)",
					"@executable_path/Frameworks",
				);
				PRODUCT_NAME = "$(TARGET_NAME)";
				SWIFT_OBJC_BRIDGING_HEADER = "";
				SWIFT_VERSION = 5.0;
				TARGETED_DEVICE_FAMILY = "1,2";
				VALIDATE_WORKSPACE = YES;
				VERSIONING_SYSTEM = "apple-generic";
			};
			name = Release;
		};
		631DD26726F1E18E0023D24A /* Debug */ = {
			isa = XCBuildConfiguration;
			baseConfigurationReference = E8649BF0295284F400309BF7 /* TVOSDebugSettings.xcconfig */;
			buildSettings = {
				ASSETCATALOG_COMPILER_APPICON_NAME = "Brand Assets";
				ASSETCATALOG_COMPILER_GLOBAL_ACCENT_COLOR_NAME = AccentColor;
				CLANG_ENABLE_MODULES = YES;
				CURRENT_PROJECT_VERSION = 1;
				DEVELOPMENT_ASSET_PATHS = "\"RTSViewer/Preview Content\"";
				ENABLE_BITCODE = NO;
				ENABLE_PREVIEWS = YES;
				FRAMEWORK_SEARCH_PATHS = "$(inherited)";
				INFOPLIST_FILE = RTSViewer/TVOS/Info.plist;
				IPHONEOS_DEPLOYMENT_TARGET = 14.5;
				LD_RUNPATH_SEARCH_PATHS = (
					"$(inherited)",
					"@executable_path/Frameworks",
				);
				PRODUCT_NAME = "$(TARGET_NAME)";
				SDKROOT = appletvos;
				SWIFT_OBJC_BRIDGING_HEADER = "";
				SWIFT_OPTIMIZATION_LEVEL = "-Onone";
				SWIFT_VERSION = 5.0;
				TARGETED_DEVICE_FAMILY = 3;
				TVOS_DEPLOYMENT_TARGET = 15.0;
				VALIDATE_WORKSPACE = YES;
				VERSIONING_SYSTEM = "apple-generic";
			};
			name = Debug;
		};
		631DD26826F1E18E0023D24A /* Release */ = {
			isa = XCBuildConfiguration;
			baseConfigurationReference = E8649BF1295284F400309BF7 /* TVOSReleaseSettings.xcconfig */;
			buildSettings = {
				ASSETCATALOG_COMPILER_APPICON_NAME = "Brand Assets";
				ASSETCATALOG_COMPILER_GLOBAL_ACCENT_COLOR_NAME = AccentColor;
				CLANG_ENABLE_MODULES = YES;
				CURRENT_PROJECT_VERSION = 1;
				DEVELOPMENT_ASSET_PATHS = "\"RTSViewer/Preview Content\"";
				ENABLE_BITCODE = NO;
				ENABLE_PREVIEWS = YES;
				FRAMEWORK_SEARCH_PATHS = "$(inherited)";
				INFOPLIST_FILE = RTSViewer/TVOS/Info.plist;
				IPHONEOS_DEPLOYMENT_TARGET = 14.5;
				LD_RUNPATH_SEARCH_PATHS = (
					"$(inherited)",
					"@executable_path/Frameworks",
				);
				PRODUCT_NAME = "$(TARGET_NAME)";
				SDKROOT = appletvos;
				SWIFT_OBJC_BRIDGING_HEADER = "";
				SWIFT_VERSION = 5.0;
				TARGETED_DEVICE_FAMILY = 3;
				TVOS_DEPLOYMENT_TARGET = 15.0;
				VALIDATE_WORKSPACE = YES;
				VERSIONING_SYSTEM = "apple-generic";
			};
			name = Release;
		};
		E8752B65298CA4C4002D5C2B /* Debug */ = {
			isa = XCBuildConfiguration;
			buildSettings = {
				BUNDLE_LOADER = "$(TEST_HOST)";
				CLANG_CXX_LANGUAGE_STANDARD = "gnu++20";
				CLANG_ENABLE_MODULES = YES;
				CODE_SIGN_STYLE = Automatic;
				CURRENT_PROJECT_VERSION = 1;
				DEVELOPMENT_TEAM = X566BN44W6;
				GENERATE_INFOPLIST_FILE = YES;
				IPHONEOS_DEPLOYMENT_TARGET = 16.2;
				LD_RUNPATH_SEARCH_PATHS = (
					"$(inherited)",
					"@executable_path/Frameworks",
					"@loader_path/Frameworks",
				);
				MACOSX_DEPLOYMENT_TARGET = 12.6;
				MARKETING_VERSION = 1.0;
				PRODUCT_BUNDLE_IDENTIFIER = "io.dolby.RTSViewer-TVOSTests";
				PRODUCT_NAME = "$(TARGET_NAME)";
				SDKROOT = auto;
				SUPPORTED_PLATFORMS = "appletvos appletvsimulator";
				SUPPORTS_MACCATALYST = NO;
				SUPPORTS_MAC_DESIGNED_FOR_IPHONE_IPAD = NO;
				SWIFT_EMIT_LOC_STRINGS = NO;
				SWIFT_OPTIMIZATION_LEVEL = "-Onone";
				SWIFT_VERSION = 5.0;
				TARGETED_DEVICE_FAMILY = 3;
				TEST_HOST = "$(BUILT_PRODUCTS_DIR)/RTSViewer TVOS.app/$(BUNDLE_EXECUTABLE_FOLDER_PATH)/RTSViewer TVOS";
			};
			name = Debug;
		};
		E8752B66298CA4C4002D5C2B /* Release */ = {
			isa = XCBuildConfiguration;
			buildSettings = {
				BUNDLE_LOADER = "$(TEST_HOST)";
				CLANG_CXX_LANGUAGE_STANDARD = "gnu++20";
				CLANG_ENABLE_MODULES = YES;
				CODE_SIGN_STYLE = Automatic;
				CURRENT_PROJECT_VERSION = 1;
				DEVELOPMENT_TEAM = X566BN44W6;
				GENERATE_INFOPLIST_FILE = YES;
				IPHONEOS_DEPLOYMENT_TARGET = 16.2;
				LD_RUNPATH_SEARCH_PATHS = (
					"$(inherited)",
					"@executable_path/Frameworks",
					"@loader_path/Frameworks",
				);
				MACOSX_DEPLOYMENT_TARGET = 12.6;
				MARKETING_VERSION = 1.0;
				PRODUCT_BUNDLE_IDENTIFIER = "io.dolby.RTSViewer-TVOSTests";
				PRODUCT_NAME = "$(TARGET_NAME)";
				SDKROOT = auto;
				SUPPORTED_PLATFORMS = "appletvos appletvsimulator";
				SUPPORTS_MACCATALYST = NO;
				SUPPORTS_MAC_DESIGNED_FOR_IPHONE_IPAD = NO;
				SWIFT_EMIT_LOC_STRINGS = NO;
				SWIFT_VERSION = 5.0;
				TARGETED_DEVICE_FAMILY = 3;
				TEST_HOST = "$(BUILT_PRODUCTS_DIR)/RTSViewer TVOS.app/$(BUNDLE_EXECUTABLE_FOLDER_PATH)/RTSViewer TVOS";
			};
			name = Release;
		};
/* End XCBuildConfiguration section */

/* Begin XCConfigurationList section */
		3FE90C1326B2AF4200B206A3 /* Build configuration list for PBXProject "RTSViewer" */ = {
			isa = XCConfigurationList;
			buildConfigurations = (
				3FE90C3B26B2AF4400B206A3 /* Debug */,
				3FE90C3C26B2AF4400B206A3 /* Release */,
			);
			defaultConfigurationIsVisible = 0;
			defaultConfigurationName = Release;
		};
		3FE90C3D26B2AF4400B206A3 /* Build configuration list for PBXNativeTarget "RTSViewer iOS" */ = {
			isa = XCConfigurationList;
			buildConfigurations = (
				3FE90C3E26B2AF4400B206A3 /* Debug */,
				3FE90C3F26B2AF4400B206A3 /* Release */,
			);
			defaultConfigurationIsVisible = 0;
			defaultConfigurationName = Release;
		};
		631DD26626F1E18E0023D24A /* Build configuration list for PBXNativeTarget "RTSViewer TVOS" */ = {
			isa = XCConfigurationList;
			buildConfigurations = (
				631DD26726F1E18E0023D24A /* Debug */,
				631DD26826F1E18E0023D24A /* Release */,
			);
			defaultConfigurationIsVisible = 0;
			defaultConfigurationName = Release;
		};
		E8752B67298CA4C4002D5C2B /* Build configuration list for PBXNativeTarget "RTSViewerTVOSTests" */ = {
			isa = XCConfigurationList;
			buildConfigurations = (
				E8752B65298CA4C4002D5C2B /* Debug */,
				E8752B66298CA4C4002D5C2B /* Release */,
			);
			defaultConfigurationIsVisible = 0;
			defaultConfigurationName = Release;
		};
/* End XCConfigurationList section */

/* Begin XCRemoteSwiftPackageReference section */
		E8575E9729527B420070F53E /* XCRemoteSwiftPackageReference "millicast-sdk-swift-package" */ = {
			isa = XCRemoteSwiftPackageReference;
			repositoryURL = "https://github.com/millicast/millicast-sdk-swift-package";
			requirement = {
				kind = exactVersion;
				version = 1.4.2;
			};
		};
/* End XCRemoteSwiftPackageReference section */

/* Begin XCSwiftPackageProductDependency section */
		E82A0C0E296CEA07007214B8 /* DolbyIOUIKit */ = {
			isa = XCSwiftPackageProductDependency;
			productName = DolbyIOUIKit;
		};
		E82A0C12296CEA0F007214B8 /* DolbyIOUIKit */ = {
			isa = XCSwiftPackageProductDependency;
			productName = DolbyIOUIKit;
		};
		E82A0C14296CEA12007214B8 /* RTSComponentKit */ = {
			isa = XCSwiftPackageProductDependency;
			productName = RTSComponentKit;
		};
		E8575E9829527B420070F53E /* MillicastSDK */ = {
			isa = XCSwiftPackageProductDependency;
			package = E8575E9729527B420070F53E /* XCRemoteSwiftPackageReference "millicast-sdk-swift-package" */;
			productName = MillicastSDK;
		};
		E89B68A42997009400A350F9 /* RTSComponentKit */ = {
			isa = XCSwiftPackageProductDependency;
			productName = RTSComponentKit;
		};
		E8D5AE6029908D690019C132 /* RTSComponentKit */ = {
			isa = XCSwiftPackageProductDependency;
			productName = RTSComponentKit;
		};
/* End XCSwiftPackageProductDependency section */

/* Begin XCVersionGroup section */
		E8C47C6F29778BD00026E877 /* RTSViewer.xcdatamodeld */ = {
			isa = XCVersionGroup;
			children = (
				E8C47C7029778BD00026E877 /* RTSViewer.xcdatamodel */,
			);
			currentVersion = E8C47C7029778BD00026E877 /* RTSViewer.xcdatamodel */;
			path = RTSViewer.xcdatamodeld;
			sourceTree = "<group>";
			versionGroupType = wrapper.xcdatamodel;
		};
/* End XCVersionGroup section */
	};
	rootObject = 3FE90C1026B2AF4200B206A3 /* Project object */;
}
