// !$*UTF8*$!
{
	archiveVersion = 1;
	classes = {
	};
	objectVersion = 54;
	objects = {

/* Begin PBXBuildFile section */
		3FA8DBA92704AECD009713E8 /* README.md in Resources */ = {isa = PBXBuildFile; fileRef = 3FA8DBA82704AECD009713E8 /* README.md */; };
		3FE90C1C26B2AF4200B206A3 /* RTSViewer.swift in Sources */ = {isa = PBXBuildFile; fileRef = 3FE90C1B26B2AF4200B206A3 /* RTSViewer.swift */; };
		3FE90C2026B2AF4300B206A3 /* Assets.xcassets in Resources */ = {isa = PBXBuildFile; fileRef = 3FE90C1F26B2AF4300B206A3 /* Assets.xcassets */; };
		3FE90C2326B2AF4300B206A3 /* Preview Assets.xcassets in Resources */ = {isa = PBXBuildFile; fileRef = 3FE90C2226B2AF4300B206A3 /* Preview Assets.xcassets */; };
		6D61A9DB2999E3A1004CAF9E /* StreamToolbarViewModel.swift in Sources */ = {isa = PBXBuildFile; fileRef = 6D61A9DA2999E3A1004CAF9E /* StreamToolbarViewModel.swift */; };
		6D61A9E6299AFFE2004CAF9E /* StreamingToolbarView.swift in Sources */ = {isa = PBXBuildFile; fileRef = 6D61A9E5299AFFE2004CAF9E /* StreamingToolbarView.swift */; };
		6D61A9EA299B30B3004CAF9E /* SimulcastView.swift in Sources */ = {isa = PBXBuildFile; fileRef = 6D61A9E9299B30B3004CAF9E /* SimulcastView.swift */; };
		6D61A9F4299DAF01004CAF9E /* StreamingScreen.swift in Sources */ = {isa = PBXBuildFile; fileRef = 6D61A9F3299DAF01004CAF9E /* StreamingScreen.swift */; };
		6D61A9FB299DBC30004CAF9E /* StreamConnectionView.swift in Sources */ = {isa = PBXBuildFile; fileRef = 6D61A9FA299DBC30004CAF9E /* StreamConnectionView.swift */; };
		6D61A9FF299DD09B004CAF9E /* SettingsView.swift in Sources */ = {isa = PBXBuildFile; fileRef = 6D61A9E7299B1A4D004CAF9E /* SettingsView.swift */; };
		6D61AA01299EF60D004CAF9E /* VideoView.swift in Sources */ = {isa = PBXBuildFile; fileRef = 6D61AA00299EF60D004CAF9E /* VideoView.swift */; };
		6D62954929A2EE90001DD55A /* StatisticsView.swift in Sources */ = {isa = PBXBuildFile; fileRef = 6D62954829A2EE90001DD55A /* StatisticsView.swift */; };
		B696B5322987790B00831FFF /* PersistentSettings.swift in Sources */ = {isa = PBXBuildFile; fileRef = B696B5312987790B00831FFF /* PersistentSettings.swift */; };
		E8224313299B00E400F9BB15 /* ContentView.swift in Sources */ = {isa = PBXBuildFile; fileRef = E8224312299B00E400F9BB15 /* ContentView.swift */; };
		E822431A299B057C00F9BB15 /* SplashScreen.swift in Sources */ = {isa = PBXBuildFile; fileRef = E8224319299B057C00F9BB15 /* SplashScreen.swift */; };
		E822431C299B073100F9BB15 /* Launch Screen.storyboard in Resources */ = {isa = PBXBuildFile; fileRef = E822431B299B073100F9BB15 /* Launch Screen.storyboard */; };
		E82A0C0F296CEA07007214B8 /* DolbyIOUIKit in Frameworks */ = {isa = PBXBuildFile; productRef = E82A0C0E296CEA07007214B8 /* DolbyIOUIKit */; };
		E82FC5062977CF3B0050777F /* Task+Delayed.swift in Sources */ = {isa = PBXBuildFile; fileRef = E82FC5052977CF3B0050777F /* Task+Delayed.swift */; };
		E83CDA392A10917A008690FD /* FooterView.swift in Sources */ = {isa = PBXBuildFile; fileRef = E83CDA2F2A10917A008690FD /* FooterView.swift */; };
		E83CDA3C2A10917A008690FD /* NavigationHeaderView.swift in Sources */ = {isa = PBXBuildFile; fileRef = E83CDA312A10917A008690FD /* NavigationHeaderView.swift */; };
		E83CDA422A10917A008690FD /* SubscribeButton.swift in Sources */ = {isa = PBXBuildFile; fileRef = E83CDA342A10917A008690FD /* SubscribeButton.swift */; };
		E83CDA452A10917A008690FD /* VideoRenderer.swift in Sources */ = {isa = PBXBuildFile; fileRef = E83CDA362A10917A008690FD /* VideoRenderer.swift */; };
		E83CDA482A10917A008690FD /* BackgroundContainerView.swift in Sources */ = {isa = PBXBuildFile; fileRef = E83CDA382A10917A008690FD /* BackgroundContainerView.swift */; };
		E83CDA502A1092A3008690FD /* ImageAsset.swift in Sources */ = {isa = PBXBuildFile; fileRef = E83CDA4F2A1092A3008690FD /* ImageAsset.swift */; };
		E861E327299EFD0C00AEB3B5 /* Localizable.strings in Resources */ = {isa = PBXBuildFile; fileRef = E861E326299EFD0C00AEB3B5 /* Localizable.strings */; };
		E8752B4A298C72F7002D5C2B /* CoreDataManager.swift in Sources */ = {isa = PBXBuildFile; fileRef = E8752B49298C72F7002D5C2B /* CoreDataManager.swift */; };
		E8752B4E298C75BD002D5C2B /* StreamDetail.swift in Sources */ = {isa = PBXBuildFile; fileRef = E8752B4D298C75BD002D5C2B /* StreamDetail.swift */; };
		E8752B51298C7D02002D5C2B /* DateProvider.swift in Sources */ = {isa = PBXBuildFile; fileRef = E8752B50298C7D02002D5C2B /* DateProvider.swift */; };
		E89B68A52997009400A350F9 /* RTSComponentKit in Frameworks */ = {isa = PBXBuildFile; productRef = E89B68A42997009400A350F9 /* RTSComponentKit */; };
		E8AFB76229A2DD54004692D0 /* RecentStreamsViewModel.swift in Sources */ = {isa = PBXBuildFile; fileRef = E8AFB75E29A2DD54004692D0 /* RecentStreamsViewModel.swift */; };
		E8AFB76329A2DD54004692D0 /* RecentStreamCell.swift in Sources */ = {isa = PBXBuildFile; fileRef = E8AFB75F29A2DD54004692D0 /* RecentStreamCell.swift */; };
		E8AFB76429A2DD54004692D0 /* RecentStreamsScreen.swift in Sources */ = {isa = PBXBuildFile; fileRef = E8AFB76029A2DD54004692D0 /* RecentStreamsScreen.swift */; };
		E8AFB76529A2DD54004692D0 /* SavedStreamsScreen.swift in Sources */ = {isa = PBXBuildFile; fileRef = E8AFB76129A2DD54004692D0 /* SavedStreamsScreen.swift */; };
		E8AFB76A29A2DD5B004692D0 /* LandingViewModel.swift in Sources */ = {isa = PBXBuildFile; fileRef = E8AFB76829A2DD5B004692D0 /* LandingViewModel.swift */; };
		E8AFB76B29A2DD5B004692D0 /* LandingView.swift in Sources */ = {isa = PBXBuildFile; fileRef = E8AFB76929A2DD5B004692D0 /* LandingView.swift */; };
		E8BA8E0F2991CB0E0043DEE1 /* DisplayStreamViewModel.swift in Sources */ = {isa = PBXBuildFile; fileRef = E8BA8E0E2991CB0E0043DEE1 /* DisplayStreamViewModel.swift */; };
		E8BA8E182991E8B30043DEE1 /* SimulcastViewModel.swift in Sources */ = {isa = PBXBuildFile; fileRef = E8BA8E172991E8B30043DEE1 /* SimulcastViewModel.swift */; };
		E8BA8E222991FE400043DEE1 /* StatisticsViewModel.swift in Sources */ = {isa = PBXBuildFile; fileRef = E8BA8E212991FE400043DEE1 /* StatisticsViewModel.swift */; };
		E8C47C6D29778BAA0026E877 /* StreamDataManager.swift in Sources */ = {isa = PBXBuildFile; fileRef = E8C47C6C29778BAA0026E877 /* StreamDataManager.swift */; };
		E8C47C7129778BDB0026E877 /* RTSViewer.xcdatamodeld in Sources */ = {isa = PBXBuildFile; fileRef = E8C47C6F29778BD00026E877 /* RTSViewer.xcdatamodeld */; };
		E8D5AE58299068E20019C132 /* StreamDetailInputViewModel.swift in Sources */ = {isa = PBXBuildFile; fileRef = E8D5AE57299068E20019C132 /* StreamDetailInputViewModel.swift */; };
		E8E1855B2A10970600BF4726 /* NetworkMonitor.swift in Sources */ = {isa = PBXBuildFile; fileRef = E8E1855A2A10970600BF4726 /* NetworkMonitor.swift */; };
		E8FE0671299B1FED00ECCB75 /* StreamDetailInputScreen.swift in Sources */ = {isa = PBXBuildFile; fileRef = E8FE0670299B1FED00ECCB75 /* StreamDetailInputScreen.swift */; };
/* End PBXBuildFile section */

/* Begin PBXCopyFilesBuildPhase section */
		E8B48E822978DEB2000DC59A /* Embed Frameworks */ = {
			isa = PBXCopyFilesBuildPhase;
			buildActionMask = 2147483647;
			dstPath = "";
			dstSubfolderSpec = 10;
			files = (
			);
			name = "Embed Frameworks";
			runOnlyForDeploymentPostprocessing = 0;
		};
/* End PBXCopyFilesBuildPhase section */

/* Begin PBXFileReference section */
		3FA8DB9527045DE7009713E8 /* Info.plist */ = {isa = PBXFileReference; fileEncoding = 4; lastKnownFileType = text.plist.xml; path = Info.plist; sourceTree = "<group>"; };
		3FA8DBA82704AECD009713E8 /* README.md */ = {isa = PBXFileReference; fileEncoding = 4; lastKnownFileType = net.daringfireball.markdown; path = README.md; sourceTree = SOURCE_ROOT; };
		3FE90C1826B2AF4200B206A3 /* RTSViewer iOS.app */ = {isa = PBXFileReference; explicitFileType = wrapper.application; includeInIndex = 0; path = "RTSViewer iOS.app"; sourceTree = BUILT_PRODUCTS_DIR; };
		3FE90C1B26B2AF4200B206A3 /* RTSViewer.swift */ = {isa = PBXFileReference; lastKnownFileType = sourcecode.swift; path = RTSViewer.swift; sourceTree = "<group>"; };
		3FE90C1F26B2AF4300B206A3 /* Assets.xcassets */ = {isa = PBXFileReference; lastKnownFileType = folder.assetcatalog; path = Assets.xcassets; sourceTree = "<group>"; };
		3FE90C2226B2AF4300B206A3 /* Preview Assets.xcassets */ = {isa = PBXFileReference; lastKnownFileType = folder.assetcatalog; path = "Preview Assets.xcassets"; sourceTree = "<group>"; };
		6D61A9DA2999E3A1004CAF9E /* StreamToolbarViewModel.swift */ = {isa = PBXFileReference; lastKnownFileType = sourcecode.swift; path = StreamToolbarViewModel.swift; sourceTree = "<group>"; };
		6D61A9E5299AFFE2004CAF9E /* StreamingToolbarView.swift */ = {isa = PBXFileReference; lastKnownFileType = sourcecode.swift; path = StreamingToolbarView.swift; sourceTree = "<group>"; };
		6D61A9E7299B1A4D004CAF9E /* SettingsView.swift */ = {isa = PBXFileReference; lastKnownFileType = sourcecode.swift; path = SettingsView.swift; sourceTree = "<group>"; };
		6D61A9E9299B30B3004CAF9E /* SimulcastView.swift */ = {isa = PBXFileReference; lastKnownFileType = sourcecode.swift; path = SimulcastView.swift; sourceTree = "<group>"; };
		6D61A9F3299DAF01004CAF9E /* StreamingScreen.swift */ = {isa = PBXFileReference; lastKnownFileType = sourcecode.swift; path = StreamingScreen.swift; sourceTree = "<group>"; };
		6D61A9FA299DBC30004CAF9E /* StreamConnectionView.swift */ = {isa = PBXFileReference; lastKnownFileType = sourcecode.swift; path = StreamConnectionView.swift; sourceTree = "<group>"; };
		6D61AA00299EF60D004CAF9E /* VideoView.swift */ = {isa = PBXFileReference; lastKnownFileType = sourcecode.swift; path = VideoView.swift; sourceTree = "<group>"; };
		6D62954829A2EE90001DD55A /* StatisticsView.swift */ = {isa = PBXFileReference; lastKnownFileType = sourcecode.swift; path = StatisticsView.swift; sourceTree = "<group>"; };
		B696B5312987790B00831FFF /* PersistentSettings.swift */ = {isa = PBXFileReference; lastKnownFileType = sourcecode.swift; path = PersistentSettings.swift; sourceTree = "<group>"; };
		E81D7C74296FAEE400856B89 /* IDETemplateMacros.plist */ = {isa = PBXFileReference; lastKnownFileType = text.plist; name = IDETemplateMacros.plist; path = RTSViewer.xcworkspace/xcshareddata/IDETemplateMacros.plist; sourceTree = SOURCE_ROOT; };
		E8224312299B00E400F9BB15 /* ContentView.swift */ = {isa = PBXFileReference; fileEncoding = 4; lastKnownFileType = sourcecode.swift; path = ContentView.swift; sourceTree = "<group>"; };
		E8224319299B057C00F9BB15 /* SplashScreen.swift */ = {isa = PBXFileReference; fileEncoding = 4; lastKnownFileType = sourcecode.swift; path = SplashScreen.swift; sourceTree = "<group>"; };
		E822431B299B073100F9BB15 /* Launch Screen.storyboard */ = {isa = PBXFileReference; lastKnownFileType = file.storyboard; path = "Launch Screen.storyboard"; sourceTree = "<group>"; };
		E82FC5052977CF3B0050777F /* Task+Delayed.swift */ = {isa = PBXFileReference; lastKnownFileType = sourcecode.swift; path = "Task+Delayed.swift"; sourceTree = "<group>"; };
		E83CDA2F2A10917A008690FD /* FooterView.swift */ = {isa = PBXFileReference; fileEncoding = 4; lastKnownFileType = sourcecode.swift; path = FooterView.swift; sourceTree = "<group>"; };
		E83CDA312A10917A008690FD /* NavigationHeaderView.swift */ = {isa = PBXFileReference; fileEncoding = 4; lastKnownFileType = sourcecode.swift; path = NavigationHeaderView.swift; sourceTree = "<group>"; };
		E83CDA342A10917A008690FD /* SubscribeButton.swift */ = {isa = PBXFileReference; fileEncoding = 4; lastKnownFileType = sourcecode.swift; path = SubscribeButton.swift; sourceTree = "<group>"; };
		E83CDA362A10917A008690FD /* VideoRenderer.swift */ = {isa = PBXFileReference; fileEncoding = 4; lastKnownFileType = sourcecode.swift; path = VideoRenderer.swift; sourceTree = "<group>"; };
		E83CDA382A10917A008690FD /* BackgroundContainerView.swift */ = {isa = PBXFileReference; fileEncoding = 4; lastKnownFileType = sourcecode.swift; path = BackgroundContainerView.swift; sourceTree = "<group>"; };
		E83CDA4F2A1092A3008690FD /* ImageAsset.swift */ = {isa = PBXFileReference; fileEncoding = 4; lastKnownFileType = sourcecode.swift; path = ImageAsset.swift; sourceTree = "<group>"; };
		E861E326299EFD0C00AEB3B5 /* Localizable.strings */ = {isa = PBXFileReference; fileEncoding = 4; lastKnownFileType = text.plist.strings; path = Localizable.strings; sourceTree = "<group>"; };
		E8649BEE295284F400309BF7 /* iOSDebugSettings.xcconfig */ = {isa = PBXFileReference; lastKnownFileType = text.xcconfig; path = iOSDebugSettings.xcconfig; sourceTree = "<group>"; };
		E8649BEF295284F400309BF7 /* iOSReleaseSettings.xcconfig */ = {isa = PBXFileReference; lastKnownFileType = text.xcconfig; path = iOSReleaseSettings.xcconfig; sourceTree = "<group>"; };
		E8649BF2295299FB00309BF7 /* fastlane */ = {isa = PBXFileReference; lastKnownFileType = folder; path = fastlane; sourceTree = "<group>"; };
		E8752B49298C72F7002D5C2B /* CoreDataManager.swift */ = {isa = PBXFileReference; lastKnownFileType = sourcecode.swift; path = CoreDataManager.swift; sourceTree = "<group>"; };
		E8752B4D298C75BD002D5C2B /* StreamDetail.swift */ = {isa = PBXFileReference; lastKnownFileType = sourcecode.swift; path = StreamDetail.swift; sourceTree = "<group>"; };
		E8752B50298C7D02002D5C2B /* DateProvider.swift */ = {isa = PBXFileReference; lastKnownFileType = sourcecode.swift; path = DateProvider.swift; sourceTree = "<group>"; };
		E8AFB75E29A2DD54004692D0 /* RecentStreamsViewModel.swift */ = {isa = PBXFileReference; fileEncoding = 4; lastKnownFileType = sourcecode.swift; path = RecentStreamsViewModel.swift; sourceTree = "<group>"; };
		E8AFB75F29A2DD54004692D0 /* RecentStreamCell.swift */ = {isa = PBXFileReference; fileEncoding = 4; lastKnownFileType = sourcecode.swift; path = RecentStreamCell.swift; sourceTree = "<group>"; };
		E8AFB76029A2DD54004692D0 /* RecentStreamsScreen.swift */ = {isa = PBXFileReference; fileEncoding = 4; lastKnownFileType = sourcecode.swift; path = RecentStreamsScreen.swift; sourceTree = "<group>"; };
		E8AFB76129A2DD54004692D0 /* SavedStreamsScreen.swift */ = {isa = PBXFileReference; fileEncoding = 4; lastKnownFileType = sourcecode.swift; path = SavedStreamsScreen.swift; sourceTree = "<group>"; };
		E8AFB76829A2DD5B004692D0 /* LandingViewModel.swift */ = {isa = PBXFileReference; fileEncoding = 4; lastKnownFileType = sourcecode.swift; path = LandingViewModel.swift; sourceTree = "<group>"; };
		E8AFB76929A2DD5B004692D0 /* LandingView.swift */ = {isa = PBXFileReference; fileEncoding = 4; lastKnownFileType = sourcecode.swift; path = LandingView.swift; sourceTree = "<group>"; };
		E8BA8E0E2991CB0E0043DEE1 /* DisplayStreamViewModel.swift */ = {isa = PBXFileReference; lastKnownFileType = sourcecode.swift; path = DisplayStreamViewModel.swift; sourceTree = "<group>"; };
		E8BA8E172991E8B30043DEE1 /* SimulcastViewModel.swift */ = {isa = PBXFileReference; lastKnownFileType = sourcecode.swift; path = SimulcastViewModel.swift; sourceTree = "<group>"; };
		E8BA8E212991FE400043DEE1 /* StatisticsViewModel.swift */ = {isa = PBXFileReference; lastKnownFileType = sourcecode.swift; path = StatisticsViewModel.swift; sourceTree = "<group>"; };
		E8C47C6C29778BAA0026E877 /* StreamDataManager.swift */ = {isa = PBXFileReference; fileEncoding = 4; lastKnownFileType = sourcecode.swift; path = StreamDataManager.swift; sourceTree = "<group>"; };
		E8C47C7029778BD00026E877 /* RTSViewer.xcdatamodel */ = {isa = PBXFileReference; lastKnownFileType = wrapper.xcdatamodel; path = RTSViewer.xcdatamodel; sourceTree = "<group>"; };
		E8D5AE57299068E20019C132 /* StreamDetailInputViewModel.swift */ = {isa = PBXFileReference; lastKnownFileType = sourcecode.swift; path = StreamDetailInputViewModel.swift; sourceTree = "<group>"; };
		E8E1855A2A10970600BF4726 /* NetworkMonitor.swift */ = {isa = PBXFileReference; fileEncoding = 4; lastKnownFileType = sourcecode.swift; path = NetworkMonitor.swift; sourceTree = "<group>"; };
		E8FE0670299B1FED00ECCB75 /* StreamDetailInputScreen.swift */ = {isa = PBXFileReference; lastKnownFileType = sourcecode.swift; path = StreamDetailInputScreen.swift; sourceTree = "<group>"; };
/* End PBXFileReference section */

/* Begin PBXFrameworksBuildPhase section */
		3FE90C1526B2AF4200B206A3 /* Frameworks */ = {
			isa = PBXFrameworksBuildPhase;
			buildActionMask = 2147483647;
			files = (
				E82A0C0F296CEA07007214B8 /* DolbyIOUIKit in Frameworks */,
				E89B68A52997009400A350F9 /* RTSComponentKit in Frameworks */,
			);
			runOnlyForDeploymentPostprocessing = 0;
		};
/* End PBXFrameworksBuildPhase section */

/* Begin PBXGroup section */
		3FE90C0F26B2AF4200B206A3 = {
			isa = PBXGroup;
			children = (
				E8575F752999A14B001E609C /* Common */,
				E8649BED295284F400309BF7 /* Configuration */,
				E8649BF2295299FB00309BF7 /* fastlane */,
				3FE90C1926B2AF4200B206A3 /* Products */,
				3FE90C1A26B2AF4200B206A3 /* RTSViewer */,
				E8A0C5CA2A10B88000C1D99B /* Frameworks */,
			);
			sourceTree = "<group>";
		};
		3FE90C1926B2AF4200B206A3 /* Products */ = {
			isa = PBXGroup;
			children = (
				3FE90C1826B2AF4200B206A3 /* RTSViewer iOS.app */,
			);
			name = Products;
			sourceTree = "<group>";
		};
		3FE90C1A26B2AF4200B206A3 /* RTSViewer */ = {
			isa = PBXGroup;
			children = (
				E83CDA0E2A1088A8008690FD /* Common */,
				E8575F772999A21E001E609C /* iOS */,
				E81D7C74296FAEE400856B89 /* IDETemplateMacros.plist */,
				3FE90C2126B2AF4300B206A3 /* Preview Content */,
				3FA8DBA82704AECD009713E8 /* README.md */,
			);
			path = RTSViewer;
			sourceTree = "<group>";
		};
		3FE90C2126B2AF4300B206A3 /* Preview Content */ = {
			isa = PBXGroup;
			children = (
				3FE90C2226B2AF4300B206A3 /* Preview Assets.xcassets */,
			);
			path = "Preview Content";
			sourceTree = "<group>";
		};
		6D61A9DD2999EFFC004CAF9E /* StreamingScreen */ = {
			isa = PBXGroup;
			children = (
				6D61AA00299EF60D004CAF9E /* VideoView.swift */,
				6D61A9E5299AFFE2004CAF9E /* StreamingToolbarView.swift */,
				6D61A9E7299B1A4D004CAF9E /* SettingsView.swift */,
				6D61A9E9299B30B3004CAF9E /* SimulcastView.swift */,
				6D61A9F3299DAF01004CAF9E /* StreamingScreen.swift */,
				6D62954829A2EE90001DD55A /* StatisticsView.swift */,
			);
			path = StreamingScreen;
			sourceTree = "<group>";
		};
		E822430B299AFD1E00F9BB15 /* Resources */ = {
			isa = PBXGroup;
			children = (
				3FE90C1F26B2AF4300B206A3 /* Assets.xcassets */,
				3FA8DB9527045DE7009713E8 /* Info.plist */,
				E822431B299B073100F9BB15 /* Launch Screen.storyboard */,
				E861E326299EFD0C00AEB3B5 /* Localizable.strings */,
			);
			name = Resources;
			sourceTree = "<group>";
		};
		E8224311299B00CE00F9BB15 /* ContentView */ = {
			isa = PBXGroup;
			children = (
				E8224312299B00E400F9BB15 /* ContentView.swift */,
			);
			name = ContentView;
			sourceTree = "<group>";
		};
		E8224315299B050400F9BB15 /* SplashScreen */ = {
			isa = PBXGroup;
			children = (
				E8224319299B057C00F9BB15 /* SplashScreen.swift */,
			);
			path = SplashScreen;
			sourceTree = "<group>";
		};
		E82FC5042977CF2A0050777F /* Utils */ = {
			isa = PBXGroup;
			children = (
				E8E1855A2A10970600BF4726 /* NetworkMonitor.swift */,
				E83CDA4F2A1092A3008690FD /* ImageAsset.swift */,
				E82FC5052977CF3B0050777F /* Task+Delayed.swift */,
				E8752B50298C7D02002D5C2B /* DateProvider.swift */,
			);
			path = Utils;
			sourceTree = "<group>";
		};
		E83CDA0E2A1088A8008690FD /* Common */ = {
			isa = PBXGroup;
			children = (
				E83CDA332A10917A008690FD /* SubscribeButton */,
				E8F32B562999AA7B00DF3D5B /* StreamingScreen */,
			);
			path = Common;
			sourceTree = "<group>";
		};
		E83CDA2D2A10917A008690FD /* Components */ = {
			isa = PBXGroup;
			children = (
				E83CDA2E2A10917A008690FD /* Footer */,
				E83CDA302A10917A008690FD /* NavigationViews */,
				E83CDA352A10917A008690FD /* VideoRenderer */,
				E83CDA372A10917A008690FD /* BackgroundView */,
			);
			path = Components;
			sourceTree = "<group>";
		};
		E83CDA2E2A10917A008690FD /* Footer */ = {
			isa = PBXGroup;
			children = (
				E83CDA2F2A10917A008690FD /* FooterView.swift */,
			);
			path = Footer;
			sourceTree = "<group>";
		};
		E83CDA302A10917A008690FD /* NavigationViews */ = {
			isa = PBXGroup;
			children = (
				E83CDA312A10917A008690FD /* NavigationHeaderView.swift */,
			);
			path = NavigationViews;
			sourceTree = "<group>";
		};
		E83CDA332A10917A008690FD /* SubscribeButton */ = {
			isa = PBXGroup;
			children = (
				E83CDA342A10917A008690FD /* SubscribeButton.swift */,
			);
			path = SubscribeButton;
			sourceTree = "<group>";
		};
		E83CDA352A10917A008690FD /* VideoRenderer */ = {
			isa = PBXGroup;
			children = (
				E83CDA362A10917A008690FD /* VideoRenderer.swift */,
			);
			path = VideoRenderer;
			sourceTree = "<group>";
		};
		E83CDA372A10917A008690FD /* BackgroundView */ = {
			isa = PBXGroup;
			children = (
				E83CDA382A10917A008690FD /* BackgroundContainerView.swift */,
			);
			path = BackgroundView;
			sourceTree = "<group>";
		};
		E8575F752999A14B001E609C /* Common */ = {
			isa = PBXGroup;
			children = (
				3FE90C1B26B2AF4200B206A3 /* RTSViewer.swift */,
				E83CDA2D2A10917A008690FD /* Components */,
				E8C47C6B29778BAA0026E877 /* Persistence */,
				E8F32B542999AA3300DF3D5B /* Recent Streams */,
				E82FC5042977CF2A0050777F /* Utils */,
			);
			path = Common;
			sourceTree = "<group>";
		};
		E8575F772999A21E001E609C /* iOS */ = {
			isa = PBXGroup;
			children = (
				E8224311299B00CE00F9BB15 /* ContentView */,
				E8AFB76629A2DD5B004692D0 /* LandingView */,
				E8AFB75C29A2DD54004692D0 /* RecentStreams */,
				E822430B299AFD1E00F9BB15 /* Resources */,
				E8224315299B050400F9BB15 /* SplashScreen */,
				E8FE066F299B1FB900ECCB75 /* StreamDetailInputScreen */,
				6D61A9DD2999EFFC004CAF9E /* StreamingScreen */,
			);
			path = iOS;
			sourceTree = "<group>";
		};
		E8649BED295284F400309BF7 /* Configuration */ = {
			isa = PBXGroup;
			children = (
				E8649BEE295284F400309BF7 /* iOSDebugSettings.xcconfig */,
				E8649BEF295284F400309BF7 /* iOSReleaseSettings.xcconfig */,
			);
			path = Configuration;
			sourceTree = "<group>";
		};
		E8752B4C298C75A4002D5C2B /* Models */ = {
			isa = PBXGroup;
			children = (
				E8752B4D298C75BD002D5C2B /* StreamDetail.swift */,
			);
			path = Models;
			sourceTree = "<group>";
		};
		E8A0C5CA2A10B88000C1D99B /* Frameworks */ = {
			isa = PBXGroup;
			children = (
			);
			name = Frameworks;
			sourceTree = "<group>";
		};
		E8AFB75C29A2DD54004692D0 /* RecentStreams */ = {
			isa = PBXGroup;
			children = (
				E8AFB75D29A2DD54004692D0 /* ViewModels */,
				E8AFB75F29A2DD54004692D0 /* RecentStreamCell.swift */,
				E8AFB76029A2DD54004692D0 /* RecentStreamsScreen.swift */,
				E8AFB76129A2DD54004692D0 /* SavedStreamsScreen.swift */,
			);
			path = RecentStreams;
			sourceTree = "<group>";
		};
		E8AFB75D29A2DD54004692D0 /* ViewModels */ = {
			isa = PBXGroup;
			children = (
				E8AFB75E29A2DD54004692D0 /* RecentStreamsViewModel.swift */,
			);
			path = ViewModels;
			sourceTree = "<group>";
		};
		E8AFB76629A2DD5B004692D0 /* LandingView */ = {
			isa = PBXGroup;
			children = (
				E8AFB76729A2DD5B004692D0 /* ViewModel */,
				E8AFB76929A2DD5B004692D0 /* LandingView.swift */,
			);
			path = LandingView;
			sourceTree = "<group>";
		};
		E8AFB76729A2DD5B004692D0 /* ViewModel */ = {
			isa = PBXGroup;
			children = (
				E8AFB76829A2DD5B004692D0 /* LandingViewModel.swift */,
			);
			path = ViewModel;
			sourceTree = "<group>";
		};
		E8BA8E0C2991BC4B0043DEE1 /* ViewModels */ = {
			isa = PBXGroup;
			children = (
				E8D5AE57299068E20019C132 /* StreamDetailInputViewModel.swift */,
				E8BA8E0E2991CB0E0043DEE1 /* DisplayStreamViewModel.swift */,
				E8BA8E172991E8B30043DEE1 /* SimulcastViewModel.swift */,
				E8BA8E212991FE400043DEE1 /* StatisticsViewModel.swift */,
				6D61A9DA2999E3A1004CAF9E /* StreamToolbarViewModel.swift */,
			);
			path = ViewModels;
			sourceTree = "<group>";
		};
		E8C47C6B29778BAA0026E877 /* Persistence */ = {
			isa = PBXGroup;
			children = (
				E8752B49298C72F7002D5C2B /* CoreDataManager.swift */,
				B696B5312987790B00831FFF /* PersistentSettings.swift */,
				E8C47C6F29778BD00026E877 /* RTSViewer.xcdatamodeld */,
				E8C47C6C29778BAA0026E877 /* StreamDataManager.swift */,
			);
			path = Persistence;
			sourceTree = "<group>";
		};
		E8F32B542999AA3300DF3D5B /* Recent Streams */ = {
			isa = PBXGroup;
			children = (
				E8752B4C298C75A4002D5C2B /* Models */,
			);
			path = "Recent Streams";
			sourceTree = "<group>";
		};
		E8F32B562999AA7B00DF3D5B /* StreamingScreen */ = {
			isa = PBXGroup;
			children = (
				E8BA8E0C2991BC4B0043DEE1 /* ViewModels */,
				6D61A9FA299DBC30004CAF9E /* StreamConnectionView.swift */,
			);
			path = StreamingScreen;
			sourceTree = "<group>";
		};
		E8FE066F299B1FB900ECCB75 /* StreamDetailInputScreen */ = {
			isa = PBXGroup;
			children = (
				E8FE0670299B1FED00ECCB75 /* StreamDetailInputScreen.swift */,
			);
			path = StreamDetailInputScreen;
			sourceTree = "<group>";
		};
/* End PBXGroup section */

/* Begin PBXNativeTarget section */
		3FE90C1726B2AF4200B206A3 /* RTSViewer iOS */ = {
			isa = PBXNativeTarget;
			buildConfigurationList = 3FE90C3D26B2AF4400B206A3 /* Build configuration list for PBXNativeTarget "RTSViewer iOS" */;
			buildPhases = (
				E81D7C79296FBD7400856B89 /* Linting */,
				3FE90C1426B2AF4200B206A3 /* Sources */,
				3FE90C1526B2AF4200B206A3 /* Frameworks */,
				3FE90C1626B2AF4200B206A3 /* Resources */,
				E8B48E822978DEB2000DC59A /* Embed Frameworks */,
			);
			buildRules = (
			);
			dependencies = (
			);
			name = "RTSViewer iOS";
			packageProductDependencies = (
				E82A0C0E296CEA07007214B8 /* DolbyIOUIKit */,
				E89B68A42997009400A350F9 /* RTSComponentKit */,
			);
			productName = "Millicast SDK Sample App in Swift";
			productReference = 3FE90C1826B2AF4200B206A3 /* RTSViewer iOS.app */;
			productType = "com.apple.product-type.application";
		};
/* End PBXNativeTarget section */

/* Begin PBXProject section */
		3FE90C1026B2AF4200B206A3 /* Project object */ = {
			isa = PBXProject;
			attributes = {
				LastSwiftUpdateCheck = 1420;
				LastUpgradeCheck = 1420;
				TargetAttributes = {
					3FE90C1726B2AF4200B206A3 = {
						CreatedOnToolsVersion = 12.5.1;
						LastSwiftMigration = 1250;
					};
				};
			};
			buildConfigurationList = 3FE90C1326B2AF4200B206A3 /* Build configuration list for PBXProject "RTSViewer" */;
			compatibilityVersion = "Xcode 9.3";
			developmentRegion = en;
			hasScannedForEncodings = 0;
			knownRegions = (
				en,
				Base,
			);
			mainGroup = 3FE90C0F26B2AF4200B206A3;
			packageReferences = (
				B63736D32A3958BD0004C4EF /* XCRemoteSwiftPackageReference "rts-uikit-ios" */,
			);
			productRefGroup = 3FE90C1926B2AF4200B206A3 /* Products */;
			projectDirPath = "";
			projectRoot = "";
			targets = (
				3FE90C1726B2AF4200B206A3 /* RTSViewer iOS */,
			);
		};
/* End PBXProject section */

/* Begin PBXResourcesBuildPhase section */
		3FE90C1626B2AF4200B206A3 /* Resources */ = {
			isa = PBXResourcesBuildPhase;
			buildActionMask = 2147483647;
			files = (
				E861E327299EFD0C00AEB3B5 /* Localizable.strings in Resources */,
				3FE90C2326B2AF4300B206A3 /* Preview Assets.xcassets in Resources */,
				3FA8DBA92704AECD009713E8 /* README.md in Resources */,
				E822431C299B073100F9BB15 /* Launch Screen.storyboard in Resources */,
				3FE90C2026B2AF4300B206A3 /* Assets.xcassets in Resources */,
			);
			runOnlyForDeploymentPostprocessing = 0;
		};
/* End PBXResourcesBuildPhase section */

/* Begin PBXShellScriptBuildPhase section */
		E81D7C79296FBD7400856B89 /* Linting */ = {
			isa = PBXShellScriptBuildPhase;
			alwaysOutOfDate = 1;
			buildActionMask = 2147483647;
			files = (
			);
			inputFileListPaths = (
			);
			inputPaths = (
			);
			name = Linting;
			outputFileListPaths = (
			);
			outputPaths = (
			);
			runOnlyForDeploymentPostprocessing = 0;
			shellPath = /bin/sh;
			shellScript = "export PATH=\"$PATH:/opt/homebrew/bin\"\nif which swiftlint >/dev/null; then\n  swiftlint --fix && swiftlint\nelse\n  echo \"warning: SwiftLint not installed, download from https://github.com/realm/SwiftLint\"\nfi\n";
		};
/* End PBXShellScriptBuildPhase section */

/* Begin PBXSourcesBuildPhase section */
		3FE90C1426B2AF4200B206A3 /* Sources */ = {
			isa = PBXSourcesBuildPhase;
			buildActionMask = 2147483647;
			files = (
				6D61A9FB299DBC30004CAF9E /* StreamConnectionView.swift in Sources */,
				6D62954929A2EE90001DD55A /* StatisticsView.swift in Sources */,
				E822431A299B057C00F9BB15 /* SplashScreen.swift in Sources */,
				E8D5AE58299068E20019C132 /* StreamDetailInputViewModel.swift in Sources */,
				E8224313299B00E400F9BB15 /* ContentView.swift in Sources */,
				E8752B51298C7D02002D5C2B /* DateProvider.swift in Sources */,
				6D61A9F4299DAF01004CAF9E /* StreamingScreen.swift in Sources */,
				E83CDA452A10917A008690FD /* VideoRenderer.swift in Sources */,
				6D61AA01299EF60D004CAF9E /* VideoView.swift in Sources */,
				6D61A9E6299AFFE2004CAF9E /* StreamingToolbarView.swift in Sources */,
				E83CDA3C2A10917A008690FD /* NavigationHeaderView.swift in Sources */,
				6D61A9DB2999E3A1004CAF9E /* StreamToolbarViewModel.swift in Sources */,
				E83CDA502A1092A3008690FD /* ImageAsset.swift in Sources */,
				E8AFB76B29A2DD5B004692D0 /* LandingView.swift in Sources */,
				E8BA8E0F2991CB0E0043DEE1 /* DisplayStreamViewModel.swift in Sources */,
				E83CDA482A10917A008690FD /* BackgroundContainerView.swift in Sources */,
				E8AFB76429A2DD54004692D0 /* RecentStreamsScreen.swift in Sources */,
				E8AFB76229A2DD54004692D0 /* RecentStreamsViewModel.swift in Sources */,
				E83CDA392A10917A008690FD /* FooterView.swift in Sources */,
				6D61A9EA299B30B3004CAF9E /* SimulcastView.swift in Sources */,
				E8752B4A298C72F7002D5C2B /* CoreDataManager.swift in Sources */,
				E8E1855B2A10970600BF4726 /* NetworkMonitor.swift in Sources */,
				E82FC5062977CF3B0050777F /* Task+Delayed.swift in Sources */,
				E8BA8E222991FE400043DEE1 /* StatisticsViewModel.swift in Sources */,
				E8C47C6D29778BAA0026E877 /* StreamDataManager.swift in Sources */,
				6D61A9FF299DD09B004CAF9E /* SettingsView.swift in Sources */,
				E8752B4E298C75BD002D5C2B /* StreamDetail.swift in Sources */,
				E83CDA422A10917A008690FD /* SubscribeButton.swift in Sources */,
				3FE90C1C26B2AF4200B206A3 /* RTSViewer.swift in Sources */,
				E8FE0671299B1FED00ECCB75 /* StreamDetailInputScreen.swift in Sources */,
				E8AFB76329A2DD54004692D0 /* RecentStreamCell.swift in Sources */,
				E8BA8E182991E8B30043DEE1 /* SimulcastViewModel.swift in Sources */,
				E8AFB76529A2DD54004692D0 /* SavedStreamsScreen.swift in Sources */,
				E8C47C7129778BDB0026E877 /* RTSViewer.xcdatamodeld in Sources */,
				E8AFB76A29A2DD5B004692D0 /* LandingViewModel.swift in Sources */,
				B696B5322987790B00831FFF /* PersistentSettings.swift in Sources */,
			);
			runOnlyForDeploymentPostprocessing = 0;
		};
/* End PBXSourcesBuildPhase section */

/* Begin XCBuildConfiguration section */
		3FE90C3B26B2AF4400B206A3 /* Debug */ = {
			isa = XCBuildConfiguration;
			buildSettings = {
				ALWAYS_SEARCH_USER_PATHS = NO;
				CLANG_ANALYZER_NONNULL = YES;
				CLANG_ANALYZER_NUMBER_OBJECT_CONVERSION = YES_AGGRESSIVE;
				CLANG_CXX_LANGUAGE_STANDARD = "gnu++14";
				CLANG_CXX_LIBRARY = "libc++";
				CLANG_ENABLE_MODULES = YES;
				CLANG_ENABLE_OBJC_ARC = YES;
				CLANG_ENABLE_OBJC_WEAK = YES;
				CLANG_WARN_BLOCK_CAPTURE_AUTORELEASING = YES;
				CLANG_WARN_BOOL_CONVERSION = YES;
				CLANG_WARN_COMMA = YES;
				CLANG_WARN_CONSTANT_CONVERSION = YES;
				CLANG_WARN_DEPRECATED_OBJC_IMPLEMENTATIONS = YES;
				CLANG_WARN_DIRECT_OBJC_ISA_USAGE = YES_ERROR;
				CLANG_WARN_DOCUMENTATION_COMMENTS = YES;
				CLANG_WARN_EMPTY_BODY = YES;
				CLANG_WARN_ENUM_CONVERSION = YES;
				CLANG_WARN_INFINITE_RECURSION = YES;
				CLANG_WARN_INT_CONVERSION = YES;
				CLANG_WARN_NON_LITERAL_NULL_CONVERSION = YES;
				CLANG_WARN_OBJC_IMPLICIT_RETAIN_SELF = YES;
				CLANG_WARN_OBJC_LITERAL_CONVERSION = YES;
				CLANG_WARN_OBJC_ROOT_CLASS = YES_ERROR;
				CLANG_WARN_QUOTED_INCLUDE_IN_FRAMEWORK_HEADER = YES;
				CLANG_WARN_RANGE_LOOP_ANALYSIS = YES;
				CLANG_WARN_STRICT_PROTOTYPES = YES;
				CLANG_WARN_SUSPICIOUS_MOVE = YES;
				CLANG_WARN_UNGUARDED_AVAILABILITY = YES_AGGRESSIVE;
				CLANG_WARN_UNREACHABLE_CODE = YES;
				CLANG_WARN__DUPLICATE_METHOD_MATCH = YES;
				COPY_PHASE_STRIP = NO;
				DEBUG_INFORMATION_FORMAT = dwarf;
				ENABLE_BITCODE = NO;
				ENABLE_STRICT_OBJC_MSGSEND = YES;
				ENABLE_TESTABILITY = YES;
				GCC_C_LANGUAGE_STANDARD = gnu11;
				GCC_DYNAMIC_NO_PIC = NO;
				GCC_NO_COMMON_BLOCKS = YES;
				GCC_OPTIMIZATION_LEVEL = 0;
				GCC_PREPROCESSOR_DEFINITIONS = (
					"DEBUG=1",
					"$(inherited)",
				);
				GCC_WARN_64_TO_32_BIT_CONVERSION = YES;
				GCC_WARN_ABOUT_RETURN_TYPE = YES_ERROR;
				GCC_WARN_UNDECLARED_SELECTOR = YES;
				GCC_WARN_UNINITIALIZED_AUTOS = YES_AGGRESSIVE;
				GCC_WARN_UNUSED_FUNCTION = YES;
				GCC_WARN_UNUSED_VARIABLE = YES;
				IPHONEOS_DEPLOYMENT_TARGET = 16.0;
				MARKETING_VERSION = 1.0;
				MTL_ENABLE_DEBUG_INFO = INCLUDE_SOURCE;
				MTL_FAST_MATH = YES;
				ONLY_ACTIVE_ARCH = YES;
				SDKROOT = iphoneos;
				SWIFT_ACTIVE_COMPILATION_CONDITIONS = DEBUG;
				SWIFT_OPTIMIZATION_LEVEL = "-Onone";
				TVOS_DEPLOYMENT_TARGET = 15.0;
				VALIDATE_WORKSPACE = YES;
			};
			name = Debug;
		};
		3FE90C3C26B2AF4400B206A3 /* Release */ = {
			isa = XCBuildConfiguration;
			buildSettings = {
				ALWAYS_SEARCH_USER_PATHS = NO;
				CLANG_ANALYZER_NONNULL = YES;
				CLANG_ANALYZER_NUMBER_OBJECT_CONVERSION = YES_AGGRESSIVE;
				CLANG_CXX_LANGUAGE_STANDARD = "gnu++14";
				CLANG_CXX_LIBRARY = "libc++";
				CLANG_ENABLE_MODULES = YES;
				CLANG_ENABLE_OBJC_ARC = YES;
				CLANG_ENABLE_OBJC_WEAK = YES;
				CLANG_WARN_BLOCK_CAPTURE_AUTORELEASING = YES;
				CLANG_WARN_BOOL_CONVERSION = YES;
				CLANG_WARN_COMMA = YES;
				CLANG_WARN_CONSTANT_CONVERSION = YES;
				CLANG_WARN_DEPRECATED_OBJC_IMPLEMENTATIONS = YES;
				CLANG_WARN_DIRECT_OBJC_ISA_USAGE = YES_ERROR;
				CLANG_WARN_DOCUMENTATION_COMMENTS = YES;
				CLANG_WARN_EMPTY_BODY = YES;
				CLANG_WARN_ENUM_CONVERSION = YES;
				CLANG_WARN_INFINITE_RECURSION = YES;
				CLANG_WARN_INT_CONVERSION = YES;
				CLANG_WARN_NON_LITERAL_NULL_CONVERSION = YES;
				CLANG_WARN_OBJC_IMPLICIT_RETAIN_SELF = YES;
				CLANG_WARN_OBJC_LITERAL_CONVERSION = YES;
				CLANG_WARN_OBJC_ROOT_CLASS = YES_ERROR;
				CLANG_WARN_QUOTED_INCLUDE_IN_FRAMEWORK_HEADER = YES;
				CLANG_WARN_RANGE_LOOP_ANALYSIS = YES;
				CLANG_WARN_STRICT_PROTOTYPES = YES;
				CLANG_WARN_SUSPICIOUS_MOVE = YES;
				CLANG_WARN_UNGUARDED_AVAILABILITY = YES_AGGRESSIVE;
				CLANG_WARN_UNREACHABLE_CODE = YES;
				CLANG_WARN__DUPLICATE_METHOD_MATCH = YES;
				COPY_PHASE_STRIP = NO;
				DEBUG_INFORMATION_FORMAT = "dwarf-with-dsym";
				ENABLE_BITCODE = NO;
				ENABLE_NS_ASSERTIONS = NO;
				ENABLE_STRICT_OBJC_MSGSEND = YES;
				GCC_C_LANGUAGE_STANDARD = gnu11;
				GCC_NO_COMMON_BLOCKS = YES;
				GCC_WARN_64_TO_32_BIT_CONVERSION = YES;
				GCC_WARN_ABOUT_RETURN_TYPE = YES_ERROR;
				GCC_WARN_UNDECLARED_SELECTOR = YES;
				GCC_WARN_UNINITIALIZED_AUTOS = YES_AGGRESSIVE;
				GCC_WARN_UNUSED_FUNCTION = YES;
				GCC_WARN_UNUSED_VARIABLE = YES;
				IPHONEOS_DEPLOYMENT_TARGET = 16.0;
				MARKETING_VERSION = 1.0;
				MTL_ENABLE_DEBUG_INFO = NO;
				MTL_FAST_MATH = YES;
				SDKROOT = iphoneos;
				SWIFT_COMPILATION_MODE = wholemodule;
				SWIFT_OPTIMIZATION_LEVEL = "-O";
				TVOS_DEPLOYMENT_TARGET = 15.0;
				VALIDATE_PRODUCT = YES;
				VALIDATE_WORKSPACE = YES;
			};
			name = Release;
		};
		3FE90C3E26B2AF4400B206A3 /* Debug */ = {
			isa = XCBuildConfiguration;
			baseConfigurationReference = E8649BEE295284F400309BF7 /* iOSDebugSettings.xcconfig */;
			buildSettings = {
				ASSETCATALOG_COMPILER_APPICON_NAME = AppIcon;
				ASSETCATALOG_COMPILER_GLOBAL_ACCENT_COLOR_NAME = AccentColor;
				BUILD_LIBRARY_FOR_DISTRIBUTION = NO;
				CLANG_ENABLE_MODULES = YES;
				CURRENT_PROJECT_VERSION = 1;
				DEVELOPMENT_ASSET_PATHS = "\"RTSViewer/Preview Content\"";
				ENABLE_BITCODE = NO;
				ENABLE_PREVIEWS = YES;
				FRAMEWORK_SEARCH_PATHS = "$(inherited)";
				INFOPLIST_FILE = RTSViewer/iOS/Info.plist;
				IPHONEOS_DEPLOYMENT_TARGET = 15.0;
				LD_RUNPATH_SEARCH_PATHS = (
					"$(inherited)",
					"@executable_path/Frameworks",
				);
				PRODUCT_NAME = "$(TARGET_NAME)";
				SWIFT_OBJC_BRIDGING_HEADER = "";
				SWIFT_OPTIMIZATION_LEVEL = "-Onone";
				SWIFT_VERSION = 5.0;
				TARGETED_DEVICE_FAMILY = "1,2";
				VALIDATE_WORKSPACE = YES;
				VERSIONING_SYSTEM = "apple-generic";
			};
			name = Debug;
		};
		3FE90C3F26B2AF4400B206A3 /* Release */ = {
			isa = XCBuildConfiguration;
			baseConfigurationReference = E8649BEF295284F400309BF7 /* iOSReleaseSettings.xcconfig */;
			buildSettings = {
				ASSETCATALOG_COMPILER_APPICON_NAME = AppIcon;
				ASSETCATALOG_COMPILER_GLOBAL_ACCENT_COLOR_NAME = AccentColor;
				BUILD_LIBRARY_FOR_DISTRIBUTION = NO;
				CLANG_ENABLE_MODULES = YES;
				CURRENT_PROJECT_VERSION = 1;
				DEVELOPMENT_ASSET_PATHS = "\"RTSViewer/Preview Content\"";
				ENABLE_BITCODE = NO;
				ENABLE_PREVIEWS = YES;
				FRAMEWORK_SEARCH_PATHS = "$(inherited)";
				INFOPLIST_FILE = RTSViewer/iOS/Info.plist;
				IPHONEOS_DEPLOYMENT_TARGET = 15.0;
				LD_RUNPATH_SEARCH_PATHS = (
					"$(inherited)",
					"@executable_path/Frameworks",
				);
				PRODUCT_NAME = "$(TARGET_NAME)";
				SWIFT_OBJC_BRIDGING_HEADER = "";
				SWIFT_VERSION = 5.0;
				TARGETED_DEVICE_FAMILY = "1,2";
				VALIDATE_WORKSPACE = YES;
				VERSIONING_SYSTEM = "apple-generic";
			};
			name = Release;
		};
		E8AEF5F02A37F46200DA82B3 /* Staging */ = {
			isa = XCBuildConfiguration;
			buildSettings = {
				ALWAYS_SEARCH_USER_PATHS = NO;
				CLANG_ANALYZER_NONNULL = YES;
				CLANG_ANALYZER_NUMBER_OBJECT_CONVERSION = YES_AGGRESSIVE;
				CLANG_CXX_LANGUAGE_STANDARD = "gnu++14";
				CLANG_CXX_LIBRARY = "libc++";
				CLANG_ENABLE_MODULES = YES;
				CLANG_ENABLE_OBJC_ARC = YES;
				CLANG_ENABLE_OBJC_WEAK = YES;
				CLANG_WARN_BLOCK_CAPTURE_AUTORELEASING = YES;
				CLANG_WARN_BOOL_CONVERSION = YES;
				CLANG_WARN_COMMA = YES;
				CLANG_WARN_CONSTANT_CONVERSION = YES;
				CLANG_WARN_DEPRECATED_OBJC_IMPLEMENTATIONS = YES;
				CLANG_WARN_DIRECT_OBJC_ISA_USAGE = YES_ERROR;
				CLANG_WARN_DOCUMENTATION_COMMENTS = YES;
				CLANG_WARN_EMPTY_BODY = YES;
				CLANG_WARN_ENUM_CONVERSION = YES;
				CLANG_WARN_INFINITE_RECURSION = YES;
				CLANG_WARN_INT_CONVERSION = YES;
				CLANG_WARN_NON_LITERAL_NULL_CONVERSION = YES;
				CLANG_WARN_OBJC_IMPLICIT_RETAIN_SELF = YES;
				CLANG_WARN_OBJC_LITERAL_CONVERSION = YES;
				CLANG_WARN_OBJC_ROOT_CLASS = YES_ERROR;
				CLANG_WARN_QUOTED_INCLUDE_IN_FRAMEWORK_HEADER = YES;
				CLANG_WARN_RANGE_LOOP_ANALYSIS = YES;
				CLANG_WARN_STRICT_PROTOTYPES = YES;
				CLANG_WARN_SUSPICIOUS_MOVE = YES;
				CLANG_WARN_UNGUARDED_AVAILABILITY = YES_AGGRESSIVE;
				CLANG_WARN_UNREACHABLE_CODE = YES;
				CLANG_WARN__DUPLICATE_METHOD_MATCH = YES;
				COPY_PHASE_STRIP = NO;
				DEBUG_INFORMATION_FORMAT = "dwarf-with-dsym";
				ENABLE_BITCODE = NO;
				ENABLE_NS_ASSERTIONS = NO;
				ENABLE_STRICT_OBJC_MSGSEND = YES;
				GCC_C_LANGUAGE_STANDARD = gnu11;
				GCC_NO_COMMON_BLOCKS = YES;
				GCC_WARN_64_TO_32_BIT_CONVERSION = YES;
				GCC_WARN_ABOUT_RETURN_TYPE = YES_ERROR;
				GCC_WARN_UNDECLARED_SELECTOR = YES;
				GCC_WARN_UNINITIALIZED_AUTOS = YES_AGGRESSIVE;
				GCC_WARN_UNUSED_FUNCTION = YES;
				GCC_WARN_UNUSED_VARIABLE = YES;
				IPHONEOS_DEPLOYMENT_TARGET = 16.0;
				MARKETING_VERSION = 1.0;
				MTL_ENABLE_DEBUG_INFO = NO;
				MTL_FAST_MATH = YES;
				SDKROOT = iphoneos;
				SWIFT_COMPILATION_MODE = wholemodule;
				SWIFT_OPTIMIZATION_LEVEL = "-O";
				TVOS_DEPLOYMENT_TARGET = 15.0;
				VALIDATE_PRODUCT = YES;
				VALIDATE_WORKSPACE = YES;
			};
			name = Staging;
		};
		E8AEF5F12A37F46200DA82B3 /* Staging */ = {
			isa = XCBuildConfiguration;
			baseConfigurationReference = E8649BEF295284F400309BF7 /* iOSReleaseSettings.xcconfig */;
			buildSettings = {
				ASSETCATALOG_COMPILER_APPICON_NAME = AppIcon;
				ASSETCATALOG_COMPILER_GLOBAL_ACCENT_COLOR_NAME = AccentColor;
				BUILD_LIBRARY_FOR_DISTRIBUTION = NO;
				CLANG_ENABLE_MODULES = YES;
				CURRENT_PROJECT_VERSION = 1;
				DEVELOPMENT_ASSET_PATHS = "\"RTSViewer/Preview Content\"";
				ENABLE_BITCODE = NO;
				ENABLE_PREVIEWS = YES;
				FRAMEWORK_SEARCH_PATHS = "$(inherited)";
				INFOPLIST_FILE = RTSViewer/iOS/Info.plist;
				IPHONEOS_DEPLOYMENT_TARGET = 15.0;
				LD_RUNPATH_SEARCH_PATHS = (
					"$(inherited)",
					"@executable_path/Frameworks",
				);
				PRODUCT_NAME = "$(TARGET_NAME)";
				SWIFT_OBJC_BRIDGING_HEADER = "";
				SWIFT_VERSION = 5.0;
				TARGETED_DEVICE_FAMILY = "1,2";
				VALIDATE_WORKSPACE = YES;
				VERSIONING_SYSTEM = "apple-generic";
			};
			name = Staging;
		};
/* End XCBuildConfiguration section */

/* Begin XCConfigurationList section */
		3FE90C1326B2AF4200B206A3 /* Build configuration list for PBXProject "RTSViewer" */ = {
			isa = XCConfigurationList;
			buildConfigurations = (
				3FE90C3B26B2AF4400B206A3 /* Debug */,
				3FE90C3C26B2AF4400B206A3 /* Release */,
				E8AEF5F02A37F46200DA82B3 /* Staging */,
			);
			defaultConfigurationIsVisible = 0;
			defaultConfigurationName = Release;
		};
		3FE90C3D26B2AF4400B206A3 /* Build configuration list for PBXNativeTarget "RTSViewer iOS" */ = {
			isa = XCConfigurationList;
			buildConfigurations = (
				3FE90C3E26B2AF4400B206A3 /* Debug */,
				3FE90C3F26B2AF4400B206A3 /* Release */,
				E8AEF5F12A37F46200DA82B3 /* Staging */,
			);
			defaultConfigurationIsVisible = 0;
			defaultConfigurationName = Release;
		};
/* End XCConfigurationList section */

/* Begin XCRemoteSwiftPackageReference section */
		B63736D32A3958BD0004C4EF /* XCRemoteSwiftPackageReference "rts-uikit-ios" */ = {
			isa = XCRemoteSwiftPackageReference;
			repositoryURL = "https://github.com/DolbyIO/rts-uikit-ios";
			requirement = {
				kind = exactVersion;
				version = 0.0.4;
			};
		};
/* End XCRemoteSwiftPackageReference section */

/* Begin XCSwiftPackageProductDependency section */
		E82A0C0E296CEA07007214B8 /* DolbyIOUIKit */ = {
			isa = XCSwiftPackageProductDependency;
			productName = DolbyIOUIKit;
		};
		E89B68A42997009400A350F9 /* RTSComponentKit */ = {
			isa = XCSwiftPackageProductDependency;
			productName = RTSComponentKit;
		};
/* End XCSwiftPackageProductDependency section */

/* Begin XCVersionGroup section */
		E8C47C6F29778BD00026E877 /* RTSViewer.xcdatamodeld */ = {
			isa = XCVersionGroup;
			children = (
				E8C47C7029778BD00026E877 /* RTSViewer.xcdatamodel */,
			);
			currentVersion = E8C47C7029778BD00026E877 /* RTSViewer.xcdatamodel */;
			path = RTSViewer.xcdatamodeld;
			sourceTree = "<group>";
			versionGroupType = wrapper.xcdatamodel;
		};
/* End XCVersionGroup section */
	};
	rootObject = 3FE90C1026B2AF4200B206A3 /* Project object */;
}
