{
  "pins" : [
    {
      "identity" : "millicast-sdk-swift-package",
      "kind" : "remoteSourceControl",
      "location" : "https://github.com/millicast/millicast-sdk-swift-package",
      "state" : {
        "revision" : "670aa8de308dfa52145d59e14647390ca600cbd6",
        "version" : "1.5.2"
      }
    },
    {
      "identity" : "rts-uikit-ios",
      "kind" : "remoteSourceControl",
      "location" : "https://github.com/DolbyIO/rts-uikit-ios.git",
      "state" : {
        "branch" : "main",
        "revision" : "28b7924bd7db3354fb8a50484ab48286346ecea1"
      }
    }
  ],
  "version" : 2
}
