{
  "pins" : [
    {
      "identity" : "rts-uikit-ios",
      "kind" : "remoteSourceControl",
      "location" : "https://github.com/DolbyIO/rts-uikit-ios",
      "state" : {
        "branch" : "feature/stats",
        "revision" : "e37834d7018338b4455b2493da3bead3fe407ed8"
      }
    }
  ],
  "version" : 2
}
